// !$*UTF8*$!
{
	archiveVersion = 1;
	classes = {
	};
	objectVersion = 46;
	objects = {

/* Begin PBXBuildFile section */
		5608211D1DE0359800039032 /* AppDelegate.swift in Sources */ = {isa = PBXBuildFile; fileRef = 5608211C1DE0359800039032 /* AppDelegate.swift */; };
		5608211F1DE0359800039032 /* ViewController.swift in Sources */ = {isa = PBXBuildFile; fileRef = 5608211E1DE0359800039032 /* ViewController.swift */; };
		560821221DE0359800039032 /* Main.storyboard in Resources */ = {isa = PBXBuildFile; fileRef = 560821201DE0359800039032 /* Main.storyboard */; };
		560821251DE0359800039032 /* demo8_CoreData.xcdatamodeld in Sources */ = {isa = PBXBuildFile; fileRef = 560821231DE0359800039032 /* demo8_CoreData.xcdatamodeld */; };
		560821271DE0359800039032 /* Assets.xcassets in Resources */ = {isa = PBXBuildFile; fileRef = 560821261DE0359800039032 /* Assets.xcassets */; };
		5608212A1DE0359800039032 /* LaunchScreen.storyboard in Resources */ = {isa = PBXBuildFile; fileRef = 560821281DE0359800039032 /* LaunchScreen.storyboard */; };
		560821321DE3C5F700039032 /* App.storyboard in Resources */ = {isa = PBXBuildFile; fileRef = 560821311DE3C5F700039032 /* App.storyboard */; };
		560821341DE3C6C500039032 /* UsersTableViewController.swift in Sources */ = {isa = PBXBuildFile; fileRef = 560821331DE3C6C500039032 /* UsersTableViewController.swift */; };
		560821361DE3D9FF00039032 /* UserContentViewController.swift in Sources */ = {isa = PBXBuildFile; fileRef = 560821351DE3D9FF00039032 /* UserContentViewController.swift */; };
/* End PBXBuildFile section */

/* Begin PBXFileReference section */
		560821191DE0359800039032 /* demo8_CoreData.app */ = {isa = PBXFileReference; explicitFileType = wrapper.application; includeInIndex = 0; path = demo8_CoreData.app; sourceTree = BUILT_PRODUCTS_DIR; };
		5608211C1DE0359800039032 /* AppDelegate.swift */ = {isa = PBXFileReference; lastKnownFileType = sourcecode.swift; path = AppDelegate.swift; sourceTree = "<group>"; };
		5608211E1DE0359800039032 /* ViewController.swift */ = {isa = PBXFileReference; lastKnownFileType = sourcecode.swift; path = ViewController.swift; sourceTree = "<group>"; };
		560821211DE0359800039032 /* Base */ = {isa = PBXFileReference; lastKnownFileType = file.storyboard; name = Base; path = Base.lproj/Main.storyboard; sourceTree = "<group>"; };
		560821241DE0359800039032 /* demo8_CoreData.xcdatamodel */ = {isa = PBXFileReference; lastKnownFileType = wrapper.xcdatamodel; path = demo8_CoreData.xcdatamodel; sourceTree = "<group>"; };
		560821261DE0359800039032 /* Assets.xcassets */ = {isa = PBXFileReference; lastKnownFileType = folder.assetcatalog; path = Assets.xcassets; sourceTree = "<group>"; };
		560821291DE0359800039032 /* Base */ = {isa = PBXFileReference; lastKnownFileType = file.storyboard; name = Base; path = Base.lproj/LaunchScreen.storyboard; sourceTree = "<group>"; };
		5608212B1DE0359800039032 /* Info.plist */ = {isa = PBXFileReference; lastKnownFileType = text.plist.xml; path = Info.plist; sourceTree = "<group>"; };
		560821311DE3C5F700039032 /* App.storyboard */ = {isa = PBXFileReference; fileEncoding = 4; lastKnownFileType = file.storyboard; path = App.storyboard; sourceTree = "<group>"; };
		560821331DE3C6C500039032 /* UsersTableViewController.swift */ = {isa = PBXFileReference; fileEncoding = 4; lastKnownFileType = sourcecode.swift; path = UsersTableViewController.swift; sourceTree = "<group>"; };
		560821351DE3D9FF00039032 /* UserContentViewController.swift */ = {isa = PBXFileReference; fileEncoding = 4; lastKnownFileType = sourcecode.swift; path = UserContentViewController.swift; sourceTree = "<group>"; };
/* End PBXFileReference section */

/* Begin PBXFrameworksBuildPhase section */
		560821161DE0359800039032 /* Frameworks */ = {
			isa = PBXFrameworksBuildPhase;
			buildActionMask = 2147483647;
			files = (
			);
			runOnlyForDeploymentPostprocessing = 0;
		};
/* End PBXFrameworksBuildPhase section */

/* Begin PBXGroup section */
		560821101DE0359800039032 = {
			isa = PBXGroup;
			children = (
				5608211B1DE0359800039032 /* demo8_CoreData */,
				5608211A1DE0359800039032 /* Products */,
			);
			sourceTree = "<group>";
		};
		5608211A1DE0359800039032 /* Products */ = {
			isa = PBXGroup;
			children = (
				560821191DE0359800039032 /* demo8_CoreData.app */,
			);
			name = Products;
			sourceTree = "<group>";
		};
		5608211B1DE0359800039032 /* demo8_CoreData */ = {
			isa = PBXGroup;
			children = (
				5608211C1DE0359800039032 /* AppDelegate.swift */,
				5608211E1DE0359800039032 /* ViewController.swift */,
				560821201DE0359800039032 /* Main.storyboard */,
				560821261DE0359800039032 /* Assets.xcassets */,
				560821281DE0359800039032 /* LaunchScreen.storyboard */,
				5608212B1DE0359800039032 /* Info.plist */,
				560821231DE0359800039032 /* demo8_CoreData.xcdatamodeld */,
				560821311DE3C5F700039032 /* App.storyboard */,
				560821331DE3C6C500039032 /* UsersTableViewController.swift */,
				560821351DE3D9FF00039032 /* UserContentViewController.swift */,
			);
			path = demo8_CoreData;
			sourceTree = "<group>";
		};
/* End PBXGroup section */

/* Begin PBXNativeTarget section */
		560821181DE0359800039032 /* demo8_CoreData */ = {
			isa = PBXNativeTarget;
			buildConfigurationList = 5608212E1DE0359800039032 /* Build configuration list for PBXNativeTarget "demo8_CoreData" */;
			buildPhases = (
				560821151DE0359800039032 /* Sources */,
				560821161DE0359800039032 /* Frameworks */,
				560821171DE0359800039032 /* Resources */,
			);
			buildRules = (
			);
			dependencies = (
			);
			name = demo8_CoreData;
			productName = demo8_CoreData;
			productReference = 560821191DE0359800039032 /* demo8_CoreData.app */;
			productType = "com.apple.product-type.application";
		};
/* End PBXNativeTarget section */

/* Begin PBXProject section */
		560821111DE0359800039032 /* Project object */ = {
			isa = PBXProject;
			attributes = {
				LastSwiftUpdateCheck = 0800;
				LastUpgradeCheck = 0800;
				ORGANIZATIONNAME = ChenXin;
				TargetAttributes = {
					560821181DE0359800039032 = {
						CreatedOnToolsVersion = 8.0;
						ProvisioningStyle = Automatic;
					};
				};
			};
			buildConfigurationList = 560821141DE0359800039032 /* Build configuration list for PBXProject "demo8_CoreData" */;
			compatibilityVersion = "Xcode 3.2";
			developmentRegion = English;
			hasScannedForEncodings = 0;
			knownRegions = (
				en,
				Base,
			);
			mainGroup = 560821101DE0359800039032;
			productRefGroup = 5608211A1DE0359800039032 /* Products */;
			projectDirPath = "";
			projectRoot = "";
			targets = (
				560821181DE0359800039032 /* demo8_CoreData */,
			);
		};
/* End PBXProject section */

/* Begin PBXResourcesBuildPhase section */
		560821171DE0359800039032 /* Resources */ = {
			isa = PBXResourcesBuildPhase;
			buildActionMask = 2147483647;
			files = (
				5608212A1DE0359800039032 /* LaunchScreen.storyboard in Resources */,
				560821271DE0359800039032 /* Assets.xcassets in Resources */,
				560821321DE3C5F700039032 /* App.storyboard in Resources */,
				560821221DE0359800039032 /* Main.storyboard in Resources */,
			);
			runOnlyForDeploymentPostprocessing = 0;
		};
/* End PBXResourcesBuildPhase section */

/* Begin PBXSourcesBuildPhase section */
		560821151DE0359800039032 /* Sources */ = {
			isa = PBXSourcesBuildPhase;
			buildActionMask = 2147483647;
			files = (
				5608211F1DE0359800039032 /* ViewController.swift in Sources */,
				5608211D1DE0359800039032 /* AppDelegate.swift in Sources */,
				560821341DE3C6C500039032 /* UsersTableViewController.swift in Sources */,
				560821361DE3D9FF00039032 /* UserContentViewController.swift in Sources */,
				560821251DE0359800039032 /* demo8_CoreData.xcdatamodeld in Sources */,
			);
			runOnlyForDeploymentPostprocessing = 0;
		};
/* End PBXSourcesBuildPhase section */

/* Begin PBXVariantGroup section */
		560821201DE0359800039032 /* Main.storyboard */ = {
			isa = PBXVariantGroup;
			children = (
				560821211DE0359800039032 /* Base */,
			);
			name = Main.storyboard;
			sourceTree = "<group>";
		};
		560821281DE0359800039032 /* LaunchScreen.storyboard */ = {
			isa = PBXVariantGroup;
			children = (
				560821291DE0359800039032 /* Base */,
			);
			name = LaunchScreen.storyboard;
			sourceTree = "<group>";
		};
/* End PBXVariantGroup section */

/* Begin XCBuildConfiguration section */
		5608212C1DE0359800039032 /* Debug */ = {
			isa = XCBuildConfiguration;
			buildSettings = {
				ALWAYS_SEARCH_USER_PATHS = NO;
				CLANG_ANALYZER_NONNULL = YES;
				CLANG_CXX_LANGUAGE_STANDARD = "gnu++0x";
				CLANG_CXX_LIBRARY = "libc++";
				CLANG_ENABLE_MODULES = YES;
				CLANG_ENABLE_OBJC_ARC = YES;
				CLANG_WARN_BOOL_CONVERSION = YES;
				CLANG_WARN_CONSTANT_CONVERSION = YES;
				CLANG_WARN_DIRECT_OBJC_ISA_USAGE = YES_ERROR;
				CLANG_WARN_DOCUMENTATION_COMMENTS = YES;
				CLANG_WARN_EMPTY_BODY = YES;
				CLANG_WARN_ENUM_CONVERSION = YES;
				CLANG_WARN_INFINITE_RECURSION = YES;
				CLANG_WARN_INT_CONVERSION = YES;
				CLANG_WARN_OBJC_ROOT_CLASS = YES_ERROR;
				CLANG_WARN_SUSPICIOUS_MOVES = YES;
				CLANG_WARN_UNREACHABLE_CODE = YES;
				CLANG_WARN__DUPLICATE_METHOD_MATCH = YES;
				"CODE_SIGN_IDENTITY[sdk=iphoneos*]" = "iPhone Developer";
				COPY_PHASE_STRIP = NO;
				DEBUG_INFORMATION_FORMAT = dwarf;
				ENABLE_STRICT_OBJC_MSGSEND = YES;
				ENABLE_TESTABILITY = YES;
				GCC_C_LANGUAGE_STANDARD = gnu99;
				GCC_DYNAMIC_NO_PIC = NO;
				GCC_NO_COMMON_BLOCKS = YES;
				GCC_OPTIMIZATION_LEVEL = 0;
				GCC_PREPROCESSOR_DEFINITIONS = (
					"DEBUG=1",
					"$(inherited)",
				);
				GCC_WARN_64_TO_32_BIT_CONVERSION = YES;
				GCC_WARN_ABOUT_RETURN_TYPE = YES_ERROR;
				GCC_WARN_UNDECLARED_SELECTOR = YES;
				GCC_WARN_UNINITIALIZED_AUTOS = YES_AGGRESSIVE;
				GCC_WARN_UNUSED_FUNCTION = YES;
				GCC_WARN_UNUSED_VARIABLE = YES;
				IPHONEOS_DEPLOYMENT_TARGET = 10.0;
				MTL_ENABLE_DEBUG_INFO = YES;
				ONLY_ACTIVE_ARCH = YES;
				SDKROOT = iphoneos;
				SWIFT_ACTIVE_COMPILATION_CONDITIONS = DEBUG;
				SWIFT_OPTIMIZATION_LEVEL = "-Onone";
			};
			name = Debug;
		};
		5608212D1DE0359800039032 /* Release */ = {
			isa = XCBuildConfiguration;
			buildSettings = {
				ALWAYS_SEARCH_USER_PATHS = NO;
				CLANG_ANALYZER_NONNULL = YES;
				CLANG_CXX_LANGUAGE_STANDARD = "gnu++0x";
				CLANG_CXX_LIBRARY = "libc++";
				CLANG_ENABLE_MODULES = YES;
				CLANG_ENABLE_OBJC_ARC = YES;
				CLANG_WARN_BOOL_CONVERSION = YES;
				CLANG_WARN_CONSTANT_CONVERSION = YES;
				CLANG_WARN_DIRECT_OBJC_ISA_USAGE = YES_ERROR;
				CLANG_WARN_DOCUMENTATION_COMMENTS = YES;
				CLANG_WARN_EMPTY_BODY = YES;
				CLANG_WARN_ENUM_CONVERSION = YES;
				CLANG_WARN_INFINITE_RECURSION = YES;
				CLANG_WARN_INT_CONVERSION = YES;
				CLANG_WARN_OBJC_ROOT_CLASS = YES_ERROR;
				CLANG_WARN_SUSPICIOUS_MOVES = YES;
				CLANG_WARN_UNREACHABLE_CODE = YES;
				CLANG_WARN__DUPLICATE_METHOD_MATCH = YES;
				"CODE_SIGN_IDENTITY[sdk=iphoneos*]" = "iPhone Developer";
				COPY_PHASE_STRIP = NO;
				DEBUG_INFORMATION_FORMAT = "dwarf-with-dsym";
				ENABLE_NS_ASSERTIONS = NO;
				ENABLE_STRICT_OBJC_MSGSEND = YES;
				GCC_C_LANGUAGE_STANDARD = gnu99;
				GCC_NO_COMMON_BLOCKS = YES;
				GCC_WARN_64_TO_32_BIT_CONVERSION = YES;
				GCC_WARN_ABOUT_RETURN_TYPE = YES_ERROR;
				GCC_WARN_UNDECLARED_SELECTOR = YES;
				GCC_WARN_UNINITIALIZED_AUTOS = YES_AGGRESSIVE;
				GCC_WARN_UNUSED_FUNCTION = YES;
				GCC_WARN_UNUSED_VARIABLE = YES;
				IPHONEOS_DEPLOYMENT_TARGET = 10.0;
				MTL_ENABLE_DEBUG_INFO = NO;
				SDKROOT = iphoneos;
				SWIFT_OPTIMIZATION_LEVEL = "-Owholemodule";
				VALIDATE_PRODUCT = YES;
			};
			name = Release;
		};
		5608212F1DE0359800039032 /* Debug */ = {
			isa = XCBuildConfiguration;
			buildSettings = {
				ASSETCATALOG_COMPILER_APPICON_NAME = AppIcon;
				INFOPLIST_FILE = demo8_CoreData/Info.plist;
				LD_RUNPATH_SEARCH_PATHS = "$(inherited) @executable_path/Frameworks";
				PRODUCT_BUNDLE_IDENTIFIER = "liuchuo.net.demo8-CoreData";
				PRODUCT_NAME = "$(TARGET_NAME)";
				SWIFT_VERSION = 3.0;
			};
			name = Debug;
		};
		560821301DE0359800039032 /* Release */ = {
			isa = XCBuildConfiguration;
			buildSettings = {
				ASSETCATALOG_COMPILER_APPICON_NAME = AppIcon;
				INFOPLIST_FILE = demo8_CoreData/Info.plist;
				LD_RUNPATH_SEARCH_PATHS = "$(inherited) @executable_path/Frameworks";
				PRODUCT_BUNDLE_IDENTIFIER = "liuchuo.net.demo8-CoreData";
				PRODUCT_NAME = "$(TARGET_NAME)";
				SWIFT_VERSION = 3.0;
			};
			name = Release;
		};
/* End XCBuildConfiguration section */

/* Begin XCConfigurationList section */
		560821141DE0359800039032 /* Build configuration list for PBXProject "demo8_CoreData" */ = {
			isa = XCConfigurationList;
			buildConfigurations = (
				5608212C1DE0359800039032 /* Debug */,
				5608212D1DE0359800039032 /* Release */,
			);
			defaultConfigurationIsVisible = 0;
			defaultConfigurationName = Release;
		};
		5608212E1DE0359800039032 /* Build configuration list for PBXNativeTarget "demo8_CoreData" */ = {
			isa = XCConfigurationList;
			buildConfigurations = (
				5608212F1DE0359800039032 /* Debug */,
				560821301DE0359800039032 /* Release */,
			);
			defaultConfigurationIsVisible = 0;
			defaultConfigurationName = Release;
		};
/* End XCConfigurationList section */

/* Begin XCVersionGroup section */
		560821231DE0359800039032 /* demo8_CoreData.xcdatamodeld */ = {
			isa = XCVersionGroup;
			children = (
				560821241DE0359800039032 /* demo8_CoreData.xcdatamodel */,
			);
			currentVersion = 560821241DE0359800039032 /* demo8_CoreData.xcdatamodel */;
			path = demo8_CoreData.xcdatamodeld;
			sourceTree = "<group>";
			versionGroupType = wrapper.xcdatamodel;
		};
/* End XCVersionGroup section */
	};
	rootObject = 560821111DE0359800039032 /* Project object */;
}
