// !$*UTF8*$!
{
	archiveVersion = 1;
	classes = {
	};
	objectVersion = 46;
	objects = {

/* Begin PBXBuildFile section */
		56EA40631D9BB0D300792325 /* main.m in Sources */ = {isa = PBXBuildFile; fileRef = 56EA40621D9BB0D300792325 /* main.m */; };
		56EA40661D9BB0D300792325 /* AppDelegate.m in Sources */ = {isa = PBXBuildFile; fileRef = 56EA40651D9BB0D300792325 /* AppDelegate.m */; };
		56EA40691D9BB0D300792325 /* ViewController.m in Sources */ = {isa = PBXBuildFile; fileRef = 56EA40681D9BB0D300792325 /* ViewController.m */; };
		56EA406C1D9BB0D300792325 /* Main.storyboard in Resources */ = {isa = PBXBuildFile; fileRef = 56EA406A1D9BB0D300792325 /* Main.storyboard */; };
		56EA406F1D9BB0D300792325 /* iMoney.xcdatamodeld in Sources */ = {isa = PBXBuildFile; fileRef = 56EA406D1D9BB0D300792325 /* iMoney.xcdatamodeld */; };
		56EA40711D9BB0D300792325 /* Assets.xcassets in Resources */ = {isa = PBXBuildFile; fileRef = 56EA40701D9BB0D300792325 /* Assets.xcassets */; };
		56EA40741D9BB0D300792325 /* LaunchScreen.storyboard in Resources */ = {isa = PBXBuildFile; fileRef = 56EA40721D9BB0D300792325 /* LaunchScreen.storyboard */; };
/* End PBXBuildFile section */

/* Begin PBXFileReference section */
		56EA405E1D9BB0D300792325 /* iMoney.app */ = {isa = PBXFileReference; explicitFileType = wrapper.application; includeInIndex = 0; path = iMoney.app; sourceTree = BUILT_PRODUCTS_DIR; };
		56EA40621D9BB0D300792325 /* main.m */ = {isa = PBXFileReference; lastKnownFileType = sourcecode.c.objc; path = main.m; sourceTree = "<group>"; };
		56EA40641D9BB0D300792325 /* AppDelegate.h */ = {isa = PBXFileReference; lastKnownFileType = sourcecode.c.h; path = AppDelegate.h; sourceTree = "<group>"; };
		56EA40651D9BB0D300792325 /* AppDelegate.m */ = {isa = PBXFileReference; lastKnownFileType = sourcecode.c.objc; path = AppDelegate.m; sourceTree = "<group>"; };
		56EA40671D9BB0D300792325 /* ViewController.h */ = {isa = PBXFileReference; lastKnownFileType = sourcecode.c.h; path = ViewController.h; sourceTree = "<group>"; };
		56EA40681D9BB0D300792325 /* ViewController.m */ = {isa = PBXFileReference; lastKnownFileType = sourcecode.c.objc; path = ViewController.m; sourceTree = "<group>"; };
		56EA406B1D9BB0D300792325 /* Base */ = {isa = PBXFileReference; lastKnownFileType = file.storyboard; name = Base; path = Base.lproj/Main.storyboard; sourceTree = "<group>"; };
		56EA406E1D9BB0D300792325 /* iMoney.xcdatamodel */ = {isa = PBXFileReference; lastKnownFileType = wrapper.xcdatamodel; path = iMoney.xcdatamodel; sourceTree = "<group>"; };
		56EA40701D9BB0D300792325 /* Assets.xcassets */ = {isa = PBXFileReference; lastKnownFileType = folder.assetcatalog; path = Assets.xcassets; sourceTree = "<group>"; };
		56EA40731D9BB0D300792325 /* Base */ = {isa = PBXFileReference; lastKnownFileType = file.storyboard; name = Base; path = Base.lproj/LaunchScreen.storyboard; sourceTree = "<group>"; };
		56EA40751D9BB0D300792325 /* Info.plist */ = {isa = PBXFileReference; lastKnownFileType = text.plist.xml; path = Info.plist; sourceTree = "<group>"; };
/* End PBXFileReference section */

/* Begin PBXFrameworksBuildPhase section */
		56EA405B1D9BB0D300792325 /* Frameworks */ = {
			isa = PBXFrameworksBuildPhase;
			buildActionMask = 2147483647;
			files = (
			);
			runOnlyForDeploymentPostprocessing = 0;
		};
/* End PBXFrameworksBuildPhase section */

/* Begin PBXGroup section */
		56EA40551D9BB0D300792325 = {
			isa = PBXGroup;
			children = (
				56EA40601D9BB0D300792325 /* iMoney */,
				56EA405F1D9BB0D300792325 /* Products */,
			);
			sourceTree = "<group>";
		};
		56EA405F1D9BB0D300792325 /* Products */ = {
			isa = PBXGroup;
			children = (
				56EA405E1D9BB0D300792325 /* iMoney.app */,
			);
			name = Products;
			sourceTree = "<group>";
		};
		56EA40601D9BB0D300792325 /* iMoney */ = {
			isa = PBXGroup;
			children = (
				56EA40641D9BB0D300792325 /* AppDelegate.h */,
				56EA40651D9BB0D300792325 /* AppDelegate.m */,
				56EA40671D9BB0D300792325 /* ViewController.h */,
				56EA40681D9BB0D300792325 /* ViewController.m */,
				56EA406A1D9BB0D300792325 /* Main.storyboard */,
				56EA40701D9BB0D300792325 /* Assets.xcassets */,
				56EA40721D9BB0D300792325 /* LaunchScreen.storyboard */,
				56EA40751D9BB0D300792325 /* Info.plist */,
				56EA406D1D9BB0D300792325 /* iMoney.xcdatamodeld */,
				56EA40611D9BB0D300792325 /* Supporting Files */,
			);
			path = iMoney;
			sourceTree = "<group>";
		};
		56EA40611D9BB0D300792325 /* Supporting Files */ = {
			isa = PBXGroup;
			children = (
				56EA40621D9BB0D300792325 /* main.m */,
			);
			name = "Supporting Files";
			sourceTree = "<group>";
		};
/* End PBXGroup section */

/* Begin PBXNativeTarget section */
		56EA405D1D9BB0D300792325 /* iMoney */ = {
			isa = PBXNativeTarget;
			buildConfigurationList = 56EA40781D9BB0D300792325 /* Build configuration list for PBXNativeTarget "iMoney" */;
			buildPhases = (
				56EA405A1D9BB0D300792325 /* Sources */,
				56EA405B1D9BB0D300792325 /* Frameworks */,
				56EA405C1D9BB0D300792325 /* Resources */,
			);
			buildRules = (
			);
			dependencies = (
			);
			name = iMoney;
			productName = iMoney;
			productReference = 56EA405E1D9BB0D300792325 /* iMoney.app */;
			productType = "com.apple.product-type.application";
		};
/* End PBXNativeTarget section */

/* Begin PBXProject section */
		56EA40561D9BB0D300792325 /* Project object */ = {
			isa = PBXProject;
			attributes = {
				LastUpgradeCheck = 0800;
				ORGANIZATIONNAME = ChenXin;
				TargetAttributes = {
					56EA405D1D9BB0D300792325 = {
						CreatedOnToolsVersion = 8.0;
						ProvisioningStyle = Automatic;
					};
				};
			};
			buildConfigurationList = 56EA40591D9BB0D300792325 /* Build configuration list for PBXProject "iMoney" */;
			compatibilityVersion = "Xcode 3.2";
			developmentRegion = English;
			hasScannedForEncodings = 0;
			knownRegions = (
				en,
				Base,
			);
			mainGroup = 56EA40551D9BB0D300792325;
			productRefGroup = 56EA405F1D9BB0D300792325 /* Products */;
			projectDirPath = "";
			projectRoot = "";
			targets = (
				56EA405D1D9BB0D300792325 /* iMoney */,
			);
		};
/* End PBXProject section */

/* Begin PBXResourcesBuildPhase section */
		56EA405C1D9BB0D300792325 /* Resources */ = {
			isa = PBXResourcesBuildPhase;
			buildActionMask = 2147483647;
			files = (
				56EA40741D9BB0D300792325 /* LaunchScreen.storyboard in Resources */,
				56EA40711D9BB0D300792325 /* Assets.xcassets in Resources */,
				56EA406C1D9BB0D300792325 /* Main.storyboard in Resources */,
			);
			runOnlyForDeploymentPostprocessing = 0;
		};
/* End PBXResourcesBuildPhase section */

/* Begin PBXSourcesBuildPhase section */
		56EA405A1D9BB0D300792325 /* Sources */ = {
			isa = PBXSourcesBuildPhase;
			buildActionMask = 2147483647;
			files = (
				56EA406F1D9BB0D300792325 /* iMoney.xcdatamodeld in Sources */,
				56EA40691D9BB0D300792325 /* ViewController.m in Sources */,
				56EA40661D9BB0D300792325 /* AppDelegate.m in Sources */,
				56EA40631D9BB0D300792325 /* main.m in Sources */,
			);
			runOnlyForDeploymentPostprocessing = 0;
		};
/* End PBXSourcesBuildPhase section */

/* Begin PBXVariantGroup section */
		56EA406A1D9BB0D300792325 /* Main.storyboard */ = {
			isa = PBXVariantGroup;
			children = (
				56EA406B1D9BB0D300792325 /* Base */,
			);
			name = Main.storyboard;
			sourceTree = "<group>";
		};
		56EA40721D9BB0D300792325 /* LaunchScreen.storyboard */ = {
			isa = PBXVariantGroup;
			children = (
				56EA40731D9BB0D300792325 /* Base */,
			);
			name = LaunchScreen.storyboard;
			sourceTree = "<group>";
		};
/* End PBXVariantGroup section */

/* Begin XCBuildConfiguration section */
		56EA40761D9BB0D300792325 /* Debug */ = {
			isa = XCBuildConfiguration;
			buildSettings = {
				ALWAYS_SEARCH_USER_PATHS = NO;
				CLANG_ANALYZER_NONNULL = YES;
				CLANG_CXX_LANGUAGE_STANDARD = "gnu++0x";
				CLANG_CXX_LIBRARY = "libc++";
				CLANG_ENABLE_MODULES = YES;
				CLANG_ENABLE_OBJC_ARC = YES;
				CLANG_WARN_BOOL_CONVERSION = YES;
				CLANG_WARN_CONSTANT_CONVERSION = YES;
				CLANG_WARN_DIRECT_OBJC_ISA_USAGE = YES_ERROR;
				CLANG_WARN_DOCUMENTATION_COMMENTS = YES;
				CLANG_WARN_EMPTY_BODY = YES;
				CLANG_WARN_ENUM_CONVERSION = YES;
				CLANG_WARN_INFINITE_RECURSION = YES;
				CLANG_WARN_INT_CONVERSION = YES;
				CLANG_WARN_OBJC_ROOT_CLASS = YES_ERROR;
				CLANG_WARN_SUSPICIOUS_MOVES = YES;
				CLANG_WARN_UNREACHABLE_CODE = YES;
				CLANG_WARN__DUPLICATE_METHOD_MATCH = YES;
				"CODE_SIGN_IDENTITY[sdk=iphoneos*]" = "iPhone Developer";
				COPY_PHASE_STRIP = NO;
				DEBUG_INFORMATION_FORMAT = dwarf;
				ENABLE_STRICT_OBJC_MSGSEND = YES;
				ENABLE_TESTABILITY = YES;
				GCC_C_LANGUAGE_STANDARD = gnu99;
				GCC_DYNAMIC_NO_PIC = NO;
				GCC_NO_COMMON_BLOCKS = YES;
				GCC_OPTIMIZATION_LEVEL = 0;
				GCC_PREPROCESSOR_DEFINITIONS = (
					"DEBUG=1",
					"$(inherited)",
				);
				GCC_WARN_64_TO_32_BIT_CONVERSION = YES;
				GCC_WARN_ABOUT_RETURN_TYPE = YES_ERROR;
				GCC_WARN_UNDECLARED_SELECTOR = YES;
				GCC_WARN_UNINITIALIZED_AUTOS = YES_AGGRESSIVE;
				GCC_WARN_UNUSED_FUNCTION = YES;
				GCC_WARN_UNUSED_VARIABLE = YES;
				IPHONEOS_DEPLOYMENT_TARGET = 10.0;
				MTL_ENABLE_DEBUG_INFO = YES;
				ONLY_ACTIVE_ARCH = YES;
				SDKROOT = iphoneos;
			};
			name = Debug;
		};
		56EA40771D9BB0D300792325 /* Release */ = {
			isa = XCBuildConfiguration;
			buildSettings = {
				ALWAYS_SEARCH_USER_PATHS = NO;
				CLANG_ANALYZER_NONNULL = YES;
				CLANG_CXX_LANGUAGE_STANDARD = "gnu++0x";
				CLANG_CXX_LIBRARY = "libc++";
				CLANG_ENABLE_MODULES = YES;
				CLANG_ENABLE_OBJC_ARC = YES;
				CLANG_WARN_BOOL_CONVERSION = YES;
				CLANG_WARN_CONSTANT_CONVERSION = YES;
				CLANG_WARN_DIRECT_OBJC_ISA_USAGE = YES_ERROR;
				CLANG_WARN_DOCUMENTATION_COMMENTS = YES;
				CLANG_WARN_EMPTY_BODY = YES;
				CLANG_WARN_ENUM_CONVERSION = YES;
				CLANG_WARN_INFINITE_RECURSION = YES;
				CLANG_WARN_INT_CONVERSION = YES;
				CLANG_WARN_OBJC_ROOT_CLASS = YES_ERROR;
				CLANG_WARN_SUSPICIOUS_MOVES = YES;
				CLANG_WARN_UNREACHABLE_CODE = YES;
				CLANG_WARN__DUPLICATE_METHOD_MATCH = YES;
				"CODE_SIGN_IDENTITY[sdk=iphoneos*]" = "iPhone Developer";
				COPY_PHASE_STRIP = NO;
				DEBUG_INFORMATION_FORMAT = "dwarf-with-dsym";
				ENABLE_NS_ASSERTIONS = NO;
				ENABLE_STRICT_OBJC_MSGSEND = YES;
				GCC_C_LANGUAGE_STANDARD = gnu99;
				GCC_NO_COMMON_BLOCKS = YES;
				GCC_WARN_64_TO_32_BIT_CONVERSION = YES;
				GCC_WARN_ABOUT_RETURN_TYPE = YES_ERROR;
				GCC_WARN_UNDECLARED_SELECTOR = YES;
				GCC_WARN_UNINITIALIZED_AUTOS = YES_AGGRESSIVE;
				GCC_WARN_UNUSED_FUNCTION = YES;
				GCC_WARN_UNUSED_VARIABLE = YES;
				IPHONEOS_DEPLOYMENT_TARGET = 10.0;
				MTL_ENABLE_DEBUG_INFO = NO;
				SDKROOT = iphoneos;
				VALIDATE_PRODUCT = YES;
			};
			name = Release;
		};
		56EA40791D9BB0D300792325 /* Debug */ = {
			isa = XCBuildConfiguration;
			buildSettings = {
				ASSETCATALOG_COMPILER_APPICON_NAME = AppIcon;
				INFOPLIST_FILE = iMoney/Info.plist;
				LD_RUNPATH_SEARCH_PATHS = "$(inherited) @executable_path/Frameworks";
				PRODUCT_BUNDLE_IDENTIFIER = liuchuo.net.iMoney;
				PRODUCT_NAME = "$(TARGET_NAME)";
			};
			name = Debug;
		};
		56EA407A1D9BB0D300792325 /* Release */ = {
			isa = XCBuildConfiguration;
			buildSettings = {
				ASSETCATALOG_COMPILER_APPICON_NAME = AppIcon;
				INFOPLIST_FILE = iMoney/Info.plist;
				LD_RUNPATH_SEARCH_PATHS = "$(inherited) @executable_path/Frameworks";
				PRODUCT_BUNDLE_IDENTIFIER = liuchuo.net.iMoney;
				PRODUCT_NAME = "$(TARGET_NAME)";
			};
			name = Release;
		};
/* End XCBuildConfiguration section */

/* Begin XCConfigurationList section */
		56EA40591D9BB0D300792325 /* Build configuration list for PBXProject "iMoney" */ = {
			isa = XCConfigurationList;
			buildConfigurations = (
				56EA40761D9BB0D300792325 /* Debug */,
				56EA40771D9BB0D300792325 /* Release */,
			);
			defaultConfigurationIsVisible = 0;
			defaultConfigurationName = Release;
		};
		56EA40781D9BB0D300792325 /* Build configuration list for PBXNativeTarget "iMoney" */ = {
			isa = XCConfigurationList;
			buildConfigurations = (
				56EA40791D9BB0D300792325 /* Debug */,
				56EA407A1D9BB0D300792325 /* Release */,
			);
			defaultConfigurationIsVisible = 0;
		};
/* End XCConfigurationList section */

/* Begin XCVersionGroup section */
		56EA406D1D9BB0D300792325 /* iMoney.xcdatamodeld */ = {
			isa = XCVersionGroup;
			children = (
				56EA406E1D9BB0D300792325 /* iMoney.xcdatamodel */,
			);
			currentVersion = 56EA406E1D9BB0D300792325 /* iMoney.xcdatamodel */;
			path = iMoney.xcdatamodeld;
			sourceTree = "<group>";
			versionGroupType = wrapper.xcdatamodel;
		};
/* End XCVersionGroup section */
	};
	rootObject = 56EA40561D9BB0D300792325 /* Project object */;
}
