// !$*UTF8*$!
{
	archiveVersion = 1;
	classes = {
	};
	objectVersion = 46;
	objects = {

/* Begin PBXBuildFile section */
		56EA40881D9BC00700792325 /* AppDelegate.swift in Sources */ = {isa = PBXBuildFile; fileRef = 56EA40871D9BC00700792325 /* AppDelegate.swift */; };
		56EA408A1D9BC00700792325 /* ViewController.swift in Sources */ = {isa = PBXBuildFile; fileRef = 56EA40891D9BC00700792325 /* ViewController.swift */; };
		56EA408D1D9BC00700792325 /* Main.storyboard in Resources */ = {isa = PBXBuildFile; fileRef = 56EA408B1D9BC00700792325 /* Main.storyboard */; };
		56EA408F1D9BC00700792325 /* Assets.xcassets in Resources */ = {isa = PBXBuildFile; fileRef = 56EA408E1D9BC00700792325 /* Assets.xcassets */; };
		56EA40921D9BC00700792325 /* LaunchScreen.storyboard in Resources */ = {isa = PBXBuildFile; fileRef = 56EA40901D9BC00700792325 /* LaunchScreen.storyboard */; };
/* End PBXBuildFile section */

/* Begin PBXFileReference section */
		56EA40841D9BC00700792325 /* iMoney2.app */ = {isa = PBXFileReference; explicitFileType = wrapper.application; includeInIndex = 0; path = iMoney2.app; sourceTree = BUILT_PRODUCTS_DIR; };
		56EA40871D9BC00700792325 /* AppDelegate.swift */ = {isa = PBXFileReference; lastKnownFileType = sourcecode.swift; path = AppDelegate.swift; sourceTree = "<group>"; };
		56EA40891D9BC00700792325 /* ViewController.swift */ = {isa = PBXFileReference; lastKnownFileType = sourcecode.swift; path = ViewController.swift; sourceTree = "<group>"; };
		56EA408C1D9BC00700792325 /* Base */ = {isa = PBXFileReference; lastKnownFileType = file.storyboard; name = Base; path = Base.lproj/Main.storyboard; sourceTree = "<group>"; };
		56EA408E1D9BC00700792325 /* Assets.xcassets */ = {isa = PBXFileReference; lastKnownFileType = folder.assetcatalog; path = Assets.xcassets; sourceTree = "<group>"; };
		56EA40911D9BC00700792325 /* Base */ = {isa = PBXFileReference; lastKnownFileType = file.storyboard; name = Base; path = Base.lproj/LaunchScreen.storyboard; sourceTree = "<group>"; };
		56EA40931D9BC00700792325 /* Info.plist */ = {isa = PBXFileReference; lastKnownFileType = text.plist.xml; path = Info.plist; sourceTree = "<group>"; };
/* End PBXFileReference section */

/* Begin PBXFrameworksBuildPhase section */
		56EA40811D9BC00700792325 /* Frameworks */ = {
			isa = PBXFrameworksBuildPhase;
			buildActionMask = 2147483647;
			files = (
			);
			runOnlyForDeploymentPostprocessing = 0;
		};
/* End PBXFrameworksBuildPhase section */

/* Begin PBXGroup section */
		56EA407B1D9BC00700792325 = {
			isa = PBXGroup;
			children = (
				56EA40861D9BC00700792325 /* iMoney2 */,
				56EA40851D9BC00700792325 /* Products */,
			);
			sourceTree = "<group>";
		};
		56EA40851D9BC00700792325 /* Products */ = {
			isa = PBXGroup;
			children = (
				56EA40841D9BC00700792325 /* iMoney2.app */,
			);
			name = Products;
			sourceTree = "<group>";
		};
		56EA40861D9BC00700792325 /* iMoney2 */ = {
			isa = PBXGroup;
			children = (
				56EA40871D9BC00700792325 /* AppDelegate.swift */,
				56EA40891D9BC00700792325 /* ViewController.swift */,
				56EA408B1D9BC00700792325 /* Main.storyboard */,
				56EA408E1D9BC00700792325 /* Assets.xcassets */,
				56EA40901D9BC00700792325 /* LaunchScreen.storyboard */,
				56EA40931D9BC00700792325 /* Info.plist */,
			);
			path = iMoney2;
			sourceTree = "<group>";
		};
/* End PBXGroup section */

/* Begin PBXNativeTarget section */
		56EA40831D9BC00700792325 /* iMoney2 */ = {
			isa = PBXNativeTarget;
			buildConfigurationList = 56EA40961D9BC00700792325 /* Build configuration list for PBXNativeTarget "iMoney2" */;
			buildPhases = (
				56EA40801D9BC00700792325 /* Sources */,
				56EA40811D9BC00700792325 /* Frameworks */,
				56EA40821D9BC00700792325 /* Resources */,
			);
			buildRules = (
			);
			dependencies = (
			);
			name = iMoney2;
			productName = iMoney2;
			productReference = 56EA40841D9BC00700792325 /* iMoney2.app */;
			productType = "com.apple.product-type.application";
		};
/* End PBXNativeTarget section */

/* Begin PBXProject section */
		56EA407C1D9BC00700792325 /* Project object */ = {
			isa = PBXProject;
			attributes = {
				LastSwiftUpdateCheck = 0800;
				LastUpgradeCheck = 0800;
				ORGANIZATIONNAME = ChenXin;
				TargetAttributes = {
					56EA40831D9BC00700792325 = {
						CreatedOnToolsVersion = 8.0;
						DevelopmentTeam = A84NV4F2MU;
						ProvisioningStyle = Automatic;
					};
				};
			};
			buildConfigurationList = 56EA407F1D9BC00700792325 /* Build configuration list for PBXProject "iMoney2" */;
			compatibilityVersion = "Xcode 3.2";
			developmentRegion = English;
			hasScannedForEncodings = 0;
			knownRegions = (
				en,
				Base,
			);
			mainGroup = 56EA407B1D9BC00700792325;
			productRefGroup = 56EA40851D9BC00700792325 /* Products */;
			projectDirPath = "";
			projectRoot = "";
			targets = (
				56EA40831D9BC00700792325 /* iMoney2 */,
			);
		};
/* End PBXProject section */

/* Begin PBXResourcesBuildPhase section */
		56EA40821D9BC00700792325 /* Resources */ = {
			isa = PBXResourcesBuildPhase;
			buildActionMask = 2147483647;
			files = (
				56EA40921D9BC00700792325 /* LaunchScreen.storyboard in Resources */,
				56EA408F1D9BC00700792325 /* Assets.xcassets in Resources */,
				56EA408D1D9BC00700792325 /* Main.storyboard in Resources */,
			);
			runOnlyForDeploymentPostprocessing = 0;
		};
/* End PBXResourcesBuildPhase section */

/* Begin PBXSourcesBuildPhase section */
		56EA40801D9BC00700792325 /* Sources */ = {
			isa = PBXSourcesBuildPhase;
			buildActionMask = 2147483647;
			files = (
				56EA408A1D9BC00700792325 /* ViewController.swift in Sources */,
				56EA40881D9BC00700792325 /* AppDelegate.swift in Sources */,
			);
			runOnlyForDeploymentPostprocessing = 0;
		};
/* End PBXSourcesBuildPhase section */

/* Begin PBXVariantGroup section */
		56EA408B1D9BC00700792325 /* Main.storyboard */ = {
			isa = PBXVariantGroup;
			children = (
				56EA408C1D9BC00700792325 /* Base */,
			);
			name = Main.storyboard;
			sourceTree = "<group>";
		};
		56EA40901D9BC00700792325 /* LaunchScreen.storyboard */ = {
			isa = PBXVariantGroup;
			children = (
				56EA40911D9BC00700792325 /* Base */,
			);
			name = LaunchScreen.storyboard;
			sourceTree = "<group>";
		};
/* End PBXVariantGroup section */

/* Begin XCBuildConfiguration section */
		56EA40941D9BC00700792325 /* Debug */ = {
			isa = XCBuildConfiguration;
			buildSettings = {
				ALWAYS_SEARCH_USER_PATHS = NO;
				CLANG_ANALYZER_NONNULL = YES;
				CLANG_CXX_LANGUAGE_STANDARD = "gnu++0x";
				CLANG_CXX_LIBRARY = "libc++";
				CLANG_ENABLE_MODULES = YES;
				CLANG_ENABLE_OBJC_ARC = YES;
				CLANG_WARN_BOOL_CONVERSION = YES;
				CLANG_WARN_CONSTANT_CONVERSION = YES;
				CLANG_WARN_DIRECT_OBJC_ISA_USAGE = YES_ERROR;
				CLANG_WARN_DOCUMENTATION_COMMENTS = YES;
				CLANG_WARN_EMPTY_BODY = YES;
				CLANG_WARN_ENUM_CONVERSION = YES;
				CLANG_WARN_INFINITE_RECURSION = YES;
				CLANG_WARN_INT_CONVERSION = YES;
				CLANG_WARN_OBJC_ROOT_CLASS = YES_ERROR;
				CLANG_WARN_SUSPICIOUS_MOVES = YES;
				CLANG_WARN_UNREACHABLE_CODE = YES;
				CLANG_WARN__DUPLICATE_METHOD_MATCH = YES;
				"CODE_SIGN_IDENTITY[sdk=iphoneos*]" = "iPhone Developer";
				COPY_PHASE_STRIP = NO;
				DEBUG_INFORMATION_FORMAT = dwarf;
				ENABLE_STRICT_OBJC_MSGSEND = YES;
				ENABLE_TESTABILITY = YES;
				GCC_C_LANGUAGE_STANDARD = gnu99;
				GCC_DYNAMIC_NO_PIC = NO;
				GCC_NO_COMMON_BLOCKS = YES;
				GCC_OPTIMIZATION_LEVEL = 0;
				GCC_PREPROCESSOR_DEFINITIONS = (
					"DEBUG=1",
					"$(inherited)",
				);
				GCC_WARN_64_TO_32_BIT_CONVERSION = YES;
				GCC_WARN_ABOUT_RETURN_TYPE = YES_ERROR;
				GCC_WARN_UNDECLARED_SELECTOR = YES;
				GCC_WARN_UNINITIALIZED_AUTOS = YES_AGGRESSIVE;
				GCC_WARN_UNUSED_FUNCTION = YES;
				GCC_WARN_UNUSED_VARIABLE = YES;
				IPHONEOS_DEPLOYMENT_TARGET = 10.0;
				MTL_ENABLE_DEBUG_INFO = YES;
				ONLY_ACTIVE_ARCH = YES;
				SDKROOT = iphoneos;
				SWIFT_ACTIVE_COMPILATION_CONDITIONS = DEBUG;
				SWIFT_OPTIMIZATION_LEVEL = "-Onone";
			};
			name = Debug;
		};
		56EA40951D9BC00700792325 /* Release */ = {
			isa = XCBuildConfiguration;
			buildSettings = {
				ALWAYS_SEARCH_USER_PATHS = NO;
				CLANG_ANALYZER_NONNULL = YES;
				CLANG_CXX_LANGUAGE_STANDARD = "gnu++0x";
				CLANG_CXX_LIBRARY = "libc++";
				CLANG_ENABLE_MODULES = YES;
				CLANG_ENABLE_OBJC_ARC = YES;
				CLANG_WARN_BOOL_CONVERSION = YES;
				CLANG_WARN_CONSTANT_CONVERSION = YES;
				CLANG_WARN_DIRECT_OBJC_ISA_USAGE = YES_ERROR;
				CLANG_WARN_DOCUMENTATION_COMMENTS = YES;
				CLANG_WARN_EMPTY_BODY = YES;
				CLANG_WARN_ENUM_CONVERSION = YES;
				CLANG_WARN_INFINITE_RECURSION = YES;
				CLANG_WARN_INT_CONVERSION = YES;
				CLANG_WARN_OBJC_ROOT_CLASS = YES_ERROR;
				CLANG_WARN_SUSPICIOUS_MOVES = YES;
				CLANG_WARN_UNREACHABLE_CODE = YES;
				CLANG_WARN__DUPLICATE_METHOD_MATCH = YES;
				"CODE_SIGN_IDENTITY[sdk=iphoneos*]" = "iPhone Developer";
				COPY_PHASE_STRIP = NO;
				DEBUG_INFORMATION_FORMAT = "dwarf-with-dsym";
				ENABLE_NS_ASSERTIONS = NO;
				ENABLE_STRICT_OBJC_MSGSEND = YES;
				GCC_C_LANGUAGE_STANDARD = gnu99;
				GCC_NO_COMMON_BLOCKS = YES;
				GCC_WARN_64_TO_32_BIT_CONVERSION = YES;
				GCC_WARN_ABOUT_RETURN_TYPE = YES_ERROR;
				GCC_WARN_UNDECLARED_SELECTOR = YES;
				GCC_WARN_UNINITIALIZED_AUTOS = YES_AGGRESSIVE;
				GCC_WARN_UNUSED_FUNCTION = YES;
				GCC_WARN_UNUSED_VARIABLE = YES;
				IPHONEOS_DEPLOYMENT_TARGET = 10.0;
				MTL_ENABLE_DEBUG_INFO = NO;
				SDKROOT = iphoneos;
				SWIFT_OPTIMIZATION_LEVEL = "-Owholemodule";
				VALIDATE_PRODUCT = YES;
			};
			name = Release;
		};
		56EA40971D9BC00700792325 /* Debug */ = {
			isa = XCBuildConfiguration;
			buildSettings = {
				ASSETCATALOG_COMPILER_APPICON_NAME = AppIcon;
				DEVELOPMENT_TEAM = A84NV4F2MU;
				INFOPLIST_FILE = iMoney2/Info.plist;
				IPHONEOS_DEPLOYMENT_TARGET = 10.0;
				LD_RUNPATH_SEARCH_PATHS = "$(inherited) @executable_path/Frameworks";
				PRODUCT_BUNDLE_IDENTIFIER = liuchuo.net.iMoney2;
				PRODUCT_NAME = "$(TARGET_NAME)";
				SWIFT_VERSION = 3.0;
			};
			name = Debug;
		};
		56EA40981D9BC00700792325 /* Release */ = {
			isa = XCBuildConfiguration;
			buildSettings = {
				ASSETCATALOG_COMPILER_APPICON_NAME = AppIcon;
				DEVELOPMENT_TEAM = A84NV4F2MU;
				INFOPLIST_FILE = iMoney2/Info.plist;
				IPHONEOS_DEPLOYMENT_TARGET = 10.0;
				LD_RUNPATH_SEARCH_PATHS = "$(inherited) @executable_path/Frameworks";
				PRODUCT_BUNDLE_IDENTIFIER = liuchuo.net.iMoney2;
				PRODUCT_NAME = "$(TARGET_NAME)";
				SWIFT_VERSION = 3.0;
			};
			name = Release;
		};
/* End XCBuildConfiguration section */

/* Begin XCConfigurationList section */
		56EA407F1D9BC00700792325 /* Build configuration list for PBXProject "iMoney2" */ = {
			isa = XCConfigurationList;
			buildConfigurations = (
				56EA40941D9BC00700792325 /* Debug */,
				56EA40951D9BC00700792325 /* Release */,
			);
			defaultConfigurationIsVisible = 0;
			defaultConfigurationName = Release;
		};
		56EA40961D9BC00700792325 /* Build configuration list for PBXNativeTarget "iMoney2" */ = {
			isa = XCConfigurationList;
			buildConfigurations = (
				56EA40971D9BC00700792325 /* Debug */,
				56EA40981D9BC00700792325 /* Release */,
			);
			defaultConfigurationIsVisible = 0;
			defaultConfigurationName = Release;
		};
/* End XCConfigurationList section */
	};
	rootObject = 56EA407C1D9BC00700792325 /* Project object */;
}
