// !$*UTF8*$!
{
	archiveVersion = 1;
	classes = {
	};
	objectVersion = 50;
	objects = {

/* Begin PBXBuildFile section */
		807AAA79223826F100A3F8F8 /* AppDelegate.swift in Sources */ = {isa = PBXBuildFile; fileRef = 807AAA78223826F100A3F8F8 /* AppDelegate.swift */; };
		807AAA7B223826F100A3F8F8 /* ViewController.swift in Sources */ = {isa = PBXBuildFile; fileRef = 807AAA7A223826F100A3F8F8 /* ViewController.swift */; };
		807AAA7E223826F100A3F8F8 /* Main.storyboard in Resources */ = {isa = PBXBuildFile; fileRef = 807AAA7C223826F100A3F8F8 /* Main.storyboard */; };
		807AAA80223826F200A3F8F8 /* Assets.xcassets in Resources */ = {isa = PBXBuildFile; fileRef = 807AAA7F223826F200A3F8F8 /* Assets.xcassets */; };
		807AAA83223826F200A3F8F8 /* LaunchScreen.storyboard in Resources */ = {isa = PBXBuildFile; fileRef = 807AAA81223826F200A3F8F8 /* LaunchScreen.storyboard */; };
		807AAA8E223826F200A3F8F8 /* demo16_sandboxAndFileTests.swift in Sources */ = {isa = PBXBuildFile; fileRef = 807AAA8D223826F200A3F8F8 /* demo16_sandboxAndFileTests.swift */; };
		807AAA99223826F200A3F8F8 /* demo16_sandboxAndFileUITests.swift in Sources */ = {isa = PBXBuildFile; fileRef = 807AAA98223826F200A3F8F8 /* demo16_sandboxAndFileUITests.swift */; };
/* End PBXBuildFile section */

/* Begin PBXContainerItemProxy section */
		807AAA8A223826F200A3F8F8 /* PBXContainerItemProxy */ = {
			isa = PBXContainerItemProxy;
			containerPortal = 807AAA6D223826F100A3F8F8 /* Project object */;
			proxyType = 1;
			remoteGlobalIDString = 807AAA74223826F100A3F8F8;
			remoteInfo = demo16_sandboxAndFile;
		};
		807AAA95223826F200A3F8F8 /* PBXContainerItemProxy */ = {
			isa = PBXContainerItemProxy;
			containerPortal = 807AAA6D223826F100A3F8F8 /* Project object */;
			proxyType = 1;
			remoteGlobalIDString = 807AAA74223826F100A3F8F8;
			remoteInfo = demo16_sandboxAndFile;
		};
/* End PBXContainerItemProxy section */

/* Begin PBXFileReference section */
		807AAA75223826F100A3F8F8 /* demo16_sandboxAndFile.app */ = {isa = PBXFileReference; explicitFileType = wrapper.application; includeInIndex = 0; path = demo16_sandboxAndFile.app; sourceTree = BUILT_PRODUCTS_DIR; };
		807AAA78223826F100A3F8F8 /* AppDelegate.swift */ = {isa = PBXFileReference; lastKnownFileType = sourcecode.swift; path = AppDelegate.swift; sourceTree = "<group>"; };
		807AAA7A223826F100A3F8F8 /* ViewController.swift */ = {isa = PBXFileReference; lastKnownFileType = sourcecode.swift; path = ViewController.swift; sourceTree = "<group>"; };
		807AAA7D223826F100A3F8F8 /* Base */ = {isa = PBXFileReference; lastKnownFileType = file.storyboard; name = Base; path = Base.lproj/Main.storyboard; sourceTree = "<group>"; };
		807AAA7F223826F200A3F8F8 /* Assets.xcassets */ = {isa = PBXFileReference; lastKnownFileType = folder.assetcatalog; path = Assets.xcassets; sourceTree = "<group>"; };
		807AAA82223826F200A3F8F8 /* Base */ = {isa = PBXFileReference; lastKnownFileType = file.storyboard; name = Base; path = Base.lproj/LaunchScreen.storyboard; sourceTree = "<group>"; };
		807AAA84223826F200A3F8F8 /* Info.plist */ = {isa = PBXFileReference; lastKnownFileType = text.plist.xml; path = Info.plist; sourceTree = "<group>"; };
		807AAA89223826F200A3F8F8 /* demo16_sandboxAndFileTests.xctest */ = {isa = PBXFileReference; explicitFileType = wrapper.cfbundle; includeInIndex = 0; path = demo16_sandboxAndFileTests.xctest; sourceTree = BUILT_PRODUCTS_DIR; };
		807AAA8D223826F200A3F8F8 /* demo16_sandboxAndFileTests.swift */ = {isa = PBXFileReference; lastKnownFileType = sourcecode.swift; path = demo16_sandboxAndFileTests.swift; sourceTree = "<group>"; };
		807AAA8F223826F200A3F8F8 /* Info.plist */ = {isa = PBXFileReference; lastKnownFileType = text.plist.xml; path = Info.plist; sourceTree = "<group>"; };
		807AAA94223826F200A3F8F8 /* demo16_sandboxAndFileUITests.xctest */ = {isa = PBXFileReference; explicitFileType = wrapper.cfbundle; includeInIndex = 0; path = demo16_sandboxAndFileUITests.xctest; sourceTree = BUILT_PRODUCTS_DIR; };
		807AAA98223826F200A3F8F8 /* demo16_sandboxAndFileUITests.swift */ = {isa = PBXFileReference; lastKnownFileType = sourcecode.swift; path = demo16_sandboxAndFileUITests.swift; sourceTree = "<group>"; };
		807AAA9A223826F200A3F8F8 /* Info.plist */ = {isa = PBXFileReference; lastKnownFileType = text.plist.xml; path = Info.plist; sourceTree = "<group>"; };
/* End PBXFileReference section */

/* Begin PBXFrameworksBuildPhase section */
		807AAA72223826F100A3F8F8 /* Frameworks */ = {
			isa = PBXFrameworksBuildPhase;
			buildActionMask = 2147483647;
			files = (
			);
			runOnlyForDeploymentPostprocessing = 0;
		};
		807AAA86223826F200A3F8F8 /* Frameworks */ = {
			isa = PBXFrameworksBuildPhase;
			buildActionMask = 2147483647;
			files = (
			);
			runOnlyForDeploymentPostprocessing = 0;
		};
		807AAA91223826F200A3F8F8 /* Frameworks */ = {
			isa = PBXFrameworksBuildPhase;
			buildActionMask = 2147483647;
			files = (
			);
			runOnlyForDeploymentPostprocessing = 0;
		};
/* End PBXFrameworksBuildPhase section */

/* Begin PBXGroup section */
		807AAA6C223826F100A3F8F8 = {
			isa = PBXGroup;
			children = (
				807AAA77223826F100A3F8F8 /* demo16_sandboxAndFile */,
				807AAA8C223826F200A3F8F8 /* demo16_sandboxAndFileTests */,
				807AAA97223826F200A3F8F8 /* demo16_sandboxAndFileUITests */,
				807AAA76223826F100A3F8F8 /* Products */,
			);
			sourceTree = "<group>";
		};
		807AAA76223826F100A3F8F8 /* Products */ = {
			isa = PBXGroup;
			children = (
				807AAA75223826F100A3F8F8 /* demo16_sandboxAndFile.app */,
				807AAA89223826F200A3F8F8 /* demo16_sandboxAndFileTests.xctest */,
				807AAA94223826F200A3F8F8 /* demo16_sandboxAndFileUITests.xctest */,
			);
			name = Products;
			sourceTree = "<group>";
		};
		807AAA77223826F100A3F8F8 /* demo16_sandboxAndFile */ = {
			isa = PBXGroup;
			children = (
				807AAA78223826F100A3F8F8 /* AppDelegate.swift */,
				807AAA7A223826F100A3F8F8 /* ViewController.swift */,
				807AAA7C223826F100A3F8F8 /* Main.storyboard */,
				807AAA7F223826F200A3F8F8 /* Assets.xcassets */,
				807AAA81223826F200A3F8F8 /* LaunchScreen.storyboard */,
				807AAA84223826F200A3F8F8 /* Info.plist */,
			);
			path = demo16_sandboxAndFile;
			sourceTree = "<group>";
		};
		807AAA8C223826F200A3F8F8 /* demo16_sandboxAndFileTests */ = {
			isa = PBXGroup;
			children = (
				807AAA8D223826F200A3F8F8 /* demo16_sandboxAndFileTests.swift */,
				807AAA8F223826F200A3F8F8 /* Info.plist */,
			);
			path = demo16_sandboxAndFileTests;
			sourceTree = "<group>";
		};
		807AAA97223826F200A3F8F8 /* demo16_sandboxAndFileUITests */ = {
			isa = PBXGroup;
			children = (
				807AAA98223826F200A3F8F8 /* demo16_sandboxAndFileUITests.swift */,
				807AAA9A223826F200A3F8F8 /* Info.plist */,
			);
			path = demo16_sandboxAndFileUITests;
			sourceTree = "<group>";
		};
/* End PBXGroup section */

/* Begin PBXNativeTarget section */
		807AAA74223826F100A3F8F8 /* demo16_sandboxAndFile */ = {
			isa = PBXNativeTarget;
			buildConfigurationList = 807AAA9D223826F200A3F8F8 /* Build configuration list for PBXNativeTarget "demo16_sandboxAndFile" */;
			buildPhases = (
				807AAA71223826F100A3F8F8 /* Sources */,
				807AAA72223826F100A3F8F8 /* Frameworks */,
				807AAA73223826F100A3F8F8 /* Resources */,
			);
			buildRules = (
			);
			dependencies = (
			);
			name = demo16_sandboxAndFile;
			productName = demo16_sandboxAndFile;
			productReference = 807AAA75223826F100A3F8F8 /* demo16_sandboxAndFile.app */;
			productType = "com.apple.product-type.application";
		};
		807AAA88223826F200A3F8F8 /* demo16_sandboxAndFileTests */ = {
			isa = PBXNativeTarget;
			buildConfigurationList = 807AAAA0223826F200A3F8F8 /* Build configuration list for PBXNativeTarget "demo16_sandboxAndFileTests" */;
			buildPhases = (
				807AAA85223826F200A3F8F8 /* Sources */,
				807AAA86223826F200A3F8F8 /* Frameworks */,
				807AAA87223826F200A3F8F8 /* Resources */,
			);
			buildRules = (
			);
			dependencies = (
				807AAA8B223826F200A3F8F8 /* PBXTargetDependency */,
			);
			name = demo16_sandboxAndFileTests;
			productName = demo16_sandboxAndFileTests;
			productReference = 807AAA89223826F200A3F8F8 /* demo16_sandboxAndFileTests.xctest */;
			productType = "com.apple.product-type.bundle.unit-test";
		};
		807AAA93223826F200A3F8F8 /* demo16_sandboxAndFileUITests */ = {
			isa = PBXNativeTarget;
			buildConfigurationList = 807AAAA3223826F200A3F8F8 /* Build configuration list for PBXNativeTarget "demo16_sandboxAndFileUITests" */;
			buildPhases = (
				807AAA90223826F200A3F8F8 /* Sources */,
				807AAA91223826F200A3F8F8 /* Frameworks */,
				807AAA92223826F200A3F8F8 /* Resources */,
			);
			buildRules = (
			);
			dependencies = (
				807AAA96223826F200A3F8F8 /* PBXTargetDependency */,
			);
			name = demo16_sandboxAndFileUITests;
			productName = demo16_sandboxAndFileUITests;
			productReference = 807AAA94223826F200A3F8F8 /* demo16_sandboxAndFileUITests.xctest */;
			productType = "com.apple.product-type.bundle.ui-testing";
		};
/* End PBXNativeTarget section */

/* Begin PBXProject section */
		807AAA6D223826F100A3F8F8 /* Project object */ = {
			isa = PBXProject;
			attributes = {
				LastSwiftUpdateCheck = 1010;
				LastUpgradeCheck = 1010;
				ORGANIZATIONNAME = liuchuo;
				TargetAttributes = {
					807AAA74223826F100A3F8F8 = {
						CreatedOnToolsVersion = 10.1;
					};
					807AAA88223826F200A3F8F8 = {
						CreatedOnToolsVersion = 10.1;
						TestTargetID = 807AAA74223826F100A3F8F8;
					};
					807AAA93223826F200A3F8F8 = {
						CreatedOnToolsVersion = 10.1;
						TestTargetID = 807AAA74223826F100A3F8F8;
					};
				};
			};
			buildConfigurationList = 807AAA70223826F100A3F8F8 /* Build configuration list for PBXProject "demo16_sandboxAndFile" */;
			compatibilityVersion = "Xcode 9.3";
			developmentRegion = en;
			hasScannedForEncodings = 0;
			knownRegions = (
				en,
				Base,
			);
			mainGroup = 807AAA6C223826F100A3F8F8;
			productRefGroup = 807AAA76223826F100A3F8F8 /* Products */;
			projectDirPath = "";
			projectRoot = "";
			targets = (
				807AAA74223826F100A3F8F8 /* demo16_sandboxAndFile */,
				807AAA88223826F200A3F8F8 /* demo16_sandboxAndFileTests */,
				807AAA93223826F200A3F8F8 /* demo16_sandboxAndFileUITests */,
			);
		};
/* End PBXProject section */

/* Begin PBXResourcesBuildPhase section */
		807AAA73223826F100A3F8F8 /* Resources */ = {
			isa = PBXResourcesBuildPhase;
			buildActionMask = 2147483647;
			files = (
				807AAA83223826F200A3F8F8 /* LaunchScreen.storyboard in Resources */,
				807AAA80223826F200A3F8F8 /* Assets.xcassets in Resources */,
				807AAA7E223826F100A3F8F8 /* Main.storyboard in Resources */,
			);
			runOnlyForDeploymentPostprocessing = 0;
		};
		807AAA87223826F200A3F8F8 /* Resources */ = {
			isa = PBXResourcesBuildPhase;
			buildActionMask = 2147483647;
			files = (
			);
			runOnlyForDeploymentPostprocessing = 0;
		};
		807AAA92223826F200A3F8F8 /* Resources */ = {
			isa = PBXResourcesBuildPhase;
			buildActionMask = 2147483647;
			files = (
			);
			runOnlyForDeploymentPostprocessing = 0;
		};
/* End PBXResourcesBuildPhase section */

/* Begin PBXSourcesBuildPhase section */
		807AAA71223826F100A3F8F8 /* Sources */ = {
			isa = PBXSourcesBuildPhase;
			buildActionMask = 2147483647;
			files = (
				807AAA7B223826F100A3F8F8 /* ViewController.swift in Sources */,
				807AAA79223826F100A3F8F8 /* AppDelegate.swift in Sources */,
			);
			runOnlyForDeploymentPostprocessing = 0;
		};
		807AAA85223826F200A3F8F8 /* Sources */ = {
			isa = PBXSourcesBuildPhase;
			buildActionMask = 2147483647;
			files = (
				807AAA8E223826F200A3F8F8 /* demo16_sandboxAndFileTests.swift in Sources */,
			);
			runOnlyForDeploymentPostprocessing = 0;
		};
		807AAA90223826F200A3F8F8 /* Sources */ = {
			isa = PBXSourcesBuildPhase;
			buildActionMask = 2147483647;
			files = (
				807AAA99223826F200A3F8F8 /* demo16_sandboxAndFileUITests.swift in Sources */,
			);
			runOnlyForDeploymentPostprocessing = 0;
		};
/* End PBXSourcesBuildPhase section */

/* Begin PBXTargetDependency section */
		807AAA8B223826F200A3F8F8 /* PBXTargetDependency */ = {
			isa = PBXTargetDependency;
			target = 807AAA74223826F100A3F8F8 /* demo16_sandboxAndFile */;
			targetProxy = 807AAA8A223826F200A3F8F8 /* PBXContainerItemProxy */;
		};
		807AAA96223826F200A3F8F8 /* PBXTargetDependency */ = {
			isa = PBXTargetDependency;
			target = 807AAA74223826F100A3F8F8 /* demo16_sandboxAndFile */;
			targetProxy = 807AAA95223826F200A3F8F8 /* PBXContainerItemProxy */;
		};
/* End PBXTargetDependency section */

/* Begin PBXVariantGroup section */
		807AAA7C223826F100A3F8F8 /* Main.storyboard */ = {
			isa = PBXVariantGroup;
			children = (
				807AAA7D223826F100A3F8F8 /* Base */,
			);
			name = Main.storyboard;
			sourceTree = "<group>";
		};
		807AAA81223826F200A3F8F8 /* LaunchScreen.storyboard */ = {
			isa = PBXVariantGroup;
			children = (
				807AAA82223826F200A3F8F8 /* Base */,
			);
			name = LaunchScreen.storyboard;
			sourceTree = "<group>";
		};
/* End PBXVariantGroup section */

/* Begin XCBuildConfiguration section */
		807AAA9B223826F200A3F8F8 /* Debug */ = {
			isa = XCBuildConfiguration;
			buildSettings = {
				ALWAYS_SEARCH_USER_PATHS = NO;
				CLANG_ANALYZER_NONNULL = YES;
				CLANG_ANALYZER_NUMBER_OBJECT_CONVERSION = YES_AGGRESSIVE;
				CLANG_CXX_LANGUAGE_STANDARD = "gnu++14";
				CLANG_CXX_LIBRARY = "libc++";
				CLANG_ENABLE_MODULES = YES;
				CLANG_ENABLE_OBJC_ARC = YES;
				CLANG_ENABLE_OBJC_WEAK = YES;
				CLANG_WARN_BLOCK_CAPTURE_AUTORELEASING = YES;
				CLANG_WARN_BOOL_CONVERSION = YES;
				CLANG_WARN_COMMA = YES;
				CLANG_WARN_CONSTANT_CONVERSION = YES;
				CLANG_WARN_DEPRECATED_OBJC_IMPLEMENTATIONS = YES;
				CLANG_WARN_DIRECT_OBJC_ISA_USAGE = YES_ERROR;
				CLANG_WARN_DOCUMENTATION_COMMENTS = YES;
				CLANG_WARN_EMPTY_BODY = YES;
				CLANG_WARN_ENUM_CONVERSION = YES;
				CLANG_WARN_INFINITE_RECURSION = YES;
				CLANG_WARN_INT_CONVERSION = YES;
				CLANG_WARN_NON_LITERAL_NULL_CONVERSION = YES;
				CLANG_WARN_OBJC_IMPLICIT_RETAIN_SELF = YES;
				CLANG_WARN_OBJC_LITERAL_CONVERSION = YES;
				CLANG_WARN_OBJC_ROOT_CLASS = YES_ERROR;
				CLANG_WARN_RANGE_LOOP_ANALYSIS = YES;
				CLANG_WARN_STRICT_PROTOTYPES = YES;
				CLANG_WARN_SUSPICIOUS_MOVE = YES;
				CLANG_WARN_UNGUARDED_AVAILABILITY = YES_AGGRESSIVE;
				CLANG_WARN_UNREACHABLE_CODE = YES;
				CLANG_WARN__DUPLICATE_METHOD_MATCH = YES;
				CODE_SIGN_IDENTITY = "iPhone Developer";
				COPY_PHASE_STRIP = NO;
				DEBUG_INFORMATION_FORMAT = dwarf;
				ENABLE_STRICT_OBJC_MSGSEND = YES;
				ENABLE_TESTABILITY = YES;
				GCC_C_LANGUAGE_STANDARD = gnu11;
				GCC_DYNAMIC_NO_PIC = NO;
				GCC_NO_COMMON_BLOCKS = YES;
				GCC_OPTIMIZATION_LEVEL = 0;
				GCC_PREPROCESSOR_DEFINITIONS = (
					"DEBUG=1",
					"$(inherited)",
				);
				GCC_WARN_64_TO_32_BIT_CONVERSION = YES;
				GCC_WARN_ABOUT_RETURN_TYPE = YES_ERROR;
				GCC_WARN_UNDECLARED_SELECTOR = YES;
				GCC_WARN_UNINITIALIZED_AUTOS = YES_AGGRESSIVE;
				GCC_WARN_UNUSED_FUNCTION = YES;
				GCC_WARN_UNUSED_VARIABLE = YES;
				IPHONEOS_DEPLOYMENT_TARGET = 12.1;
				MTL_ENABLE_DEBUG_INFO = INCLUDE_SOURCE;
				MTL_FAST_MATH = YES;
				ONLY_ACTIVE_ARCH = YES;
				SDKROOT = iphoneos;
				SWIFT_ACTIVE_COMPILATION_CONDITIONS = DEBUG;
				SWIFT_OPTIMIZATION_LEVEL = "-Onone";
			};
			name = Debug;
		};
		807AAA9C223826F200A3F8F8 /* Release */ = {
			isa = XCBuildConfiguration;
			buildSettings = {
				ALWAYS_SEARCH_USER_PATHS = NO;
				CLANG_ANALYZER_NONNULL = YES;
				CLANG_ANALYZER_NUMBER_OBJECT_CONVERSION = YES_AGGRESSIVE;
				CLANG_CXX_LANGUAGE_STANDARD = "gnu++14";
				CLANG_CXX_LIBRARY = "libc++";
				CLANG_ENABLE_MODULES = YES;
				CLANG_ENABLE_OBJC_ARC = YES;
				CLANG_ENABLE_OBJC_WEAK = YES;
				CLANG_WARN_BLOCK_CAPTURE_AUTORELEASING = YES;
				CLANG_WARN_BOOL_CONVERSION = YES;
				CLANG_WARN_COMMA = YES;
				CLANG_WARN_CONSTANT_CONVERSION = YES;
				CLANG_WARN_DEPRECATED_OBJC_IMPLEMENTATIONS = YES;
				CLANG_WARN_DIRECT_OBJC_ISA_USAGE = YES_ERROR;
				CLANG_WARN_DOCUMENTATION_COMMENTS = YES;
				CLANG_WARN_EMPTY_BODY = YES;
				CLANG_WARN_ENUM_CONVERSION = YES;
				CLANG_WARN_INFINITE_RECURSION = YES;
				CLANG_WARN_INT_CONVERSION = YES;
				CLANG_WARN_NON_LITERAL_NULL_CONVERSION = YES;
				CLANG_WARN_OBJC_IMPLICIT_RETAIN_SELF = YES;
				CLANG_WARN_OBJC_LITERAL_CONVERSION = YES;
				CLANG_WARN_OBJC_ROOT_CLASS = YES_ERROR;
				CLANG_WARN_RANGE_LOOP_ANALYSIS = YES;
				CLANG_WARN_STRICT_PROTOTYPES = YES;
				CLANG_WARN_SUSPICIOUS_MOVE = YES;
				CLANG_WARN_UNGUARDED_AVAILABILITY = YES_AGGRESSIVE;
				CLANG_WARN_UNREACHABLE_CODE = YES;
				CLANG_WARN__DUPLICATE_METHOD_MATCH = YES;
				CODE_SIGN_IDENTITY = "iPhone Developer";
				COPY_PHASE_STRIP = NO;
				DEBUG_INFORMATION_FORMAT = "dwarf-with-dsym";
				ENABLE_NS_ASSERTIONS = NO;
				ENABLE_STRICT_OBJC_MSGSEND = YES;
				GCC_C_LANGUAGE_STANDARD = gnu11;
				GCC_NO_COMMON_BLOCKS = YES;
				GCC_WARN_64_TO_32_BIT_CONVERSION = YES;
				GCC_WARN_ABOUT_RETURN_TYPE = YES_ERROR;
				GCC_WARN_UNDECLARED_SELECTOR = YES;
				GCC_WARN_UNINITIALIZED_AUTOS = YES_AGGRESSIVE;
				GCC_WARN_UNUSED_FUNCTION = YES;
				GCC_WARN_UNUSED_VARIABLE = YES;
				IPHONEOS_DEPLOYMENT_TARGET = 12.1;
				MTL_ENABLE_DEBUG_INFO = NO;
				MTL_FAST_MATH = YES;
				SDKROOT = iphoneos;
				SWIFT_COMPILATION_MODE = wholemodule;
				SWIFT_OPTIMIZATION_LEVEL = "-O";
				VALIDATE_PRODUCT = YES;
			};
			name = Release;
		};
		807AAA9E223826F200A3F8F8 /* Debug */ = {
			isa = XCBuildConfiguration;
			buildSettings = {
				ASSETCATALOG_COMPILER_APPICON_NAME = AppIcon;
				CODE_SIGN_STYLE = Automatic;
				DEVELOPMENT_TEAM = A84NV4F2MU;
				INFOPLIST_FILE = demo16_sandboxAndFile/Info.plist;
				LD_RUNPATH_SEARCH_PATHS = (
					"$(inherited)",
					"@executable_path/Frameworks",
				);
				PRODUCT_BUNDLE_IDENTIFIER = "net.liuchuo.demo16-sandboxAndFile";
				PRODUCT_NAME = "$(TARGET_NAME)";
				SWIFT_VERSION = 4.2;
				TARGETED_DEVICE_FAMILY = "1,2";
			};
			name = Debug;
		};
		807AAA9F223826F200A3F8F8 /* Release */ = {
			isa = XCBuildConfiguration;
			buildSettings = {
				ASSETCATALOG_COMPILER_APPICON_NAME = AppIcon;
				CODE_SIGN_STYLE = Automatic;
				DEVELOPMENT_TEAM = A84NV4F2MU;
				INFOPLIST_FILE = demo16_sandboxAndFile/Info.plist;
				LD_RUNPATH_SEARCH_PATHS = (
					"$(inherited)",
					"@executable_path/Frameworks",
				);
				PRODUCT_BUNDLE_IDENTIFIER = "net.liuchuo.demo16-sandboxAndFile";
				PRODUCT_NAME = "$(TARGET_NAME)";
				SWIFT_VERSION = 4.2;
				TARGETED_DEVICE_FAMILY = "1,2";
			};
			name = Release;
		};
		807AAAA1223826F200A3F8F8 /* Debug */ = {
			isa = XCBuildConfiguration;
			buildSettings = {
				ALWAYS_EMBED_SWIFT_STANDARD_LIBRARIES = YES;
				BUNDLE_LOADER = "$(TEST_HOST)";
				CODE_SIGN_STYLE = Automatic;
				INFOPLIST_FILE = demo16_sandboxAndFileTests/Info.plist;
				LD_RUNPATH_SEARCH_PATHS = (
					"$(inherited)",
					"@executable_path/Frameworks",
					"@loader_path/Frameworks",
				);
				PRODUCT_BUNDLE_IDENTIFIER = "net.liuchuo.demo16-sandboxAndFileTests";
				PRODUCT_NAME = "$(TARGET_NAME)";
				SWIFT_VERSION = 4.2;
				TARGETED_DEVICE_FAMILY = "1,2";
				TEST_HOST = "$(BUILT_PRODUCTS_DIR)/demo16_sandboxAndFile.app/demo16_sandboxAndFile";
			};
			name = Debug;
		};
		807AAAA2223826F200A3F8F8 /* Release */ = {
			isa = XCBuildConfiguration;
			buildSettings = {
				ALWAYS_EMBED_SWIFT_STANDARD_LIBRARIES = YES;
				BUNDLE_LOADER = "$(TEST_HOST)";
				CODE_SIGN_STYLE = Automatic;
				INFOPLIST_FILE = demo16_sandboxAndFileTests/Info.plist;
				LD_RUNPATH_SEARCH_PATHS = (
					"$(inherited)",
					"@executable_path/Frameworks",
					"@loader_path/Frameworks",
				);
				PRODUCT_BUNDLE_IDENTIFIER = "net.liuchuo.demo16-sandboxAndFileTests";
				PRODUCT_NAME = "$(TARGET_NAME)";
				SWIFT_VERSION = 4.2;
				TARGETED_DEVICE_FAMILY = "1,2";
				TEST_HOST = "$(BUILT_PRODUCTS_DIR)/demo16_sandboxAndFile.app/demo16_sandboxAndFile";
			};
			name = Release;
		};
		807AAAA4223826F200A3F8F8 /* Debug */ = {
			isa = XCBuildConfiguration;
			buildSettings = {
				ALWAYS_EMBED_SWIFT_STANDARD_LIBRARIES = YES;
				CODE_SIGN_STYLE = Automatic;
				INFOPLIST_FILE = demo16_sandboxAndFileUITests/Info.plist;
				LD_RUNPATH_SEARCH_PATHS = (
					"$(inherited)",
					"@executable_path/Frameworks",
					"@loader_path/Frameworks",
				);
				PRODUCT_BUNDLE_IDENTIFIER = "net.liuchuo.demo16-sandboxAndFileUITests";
				PRODUCT_NAME = "$(TARGET_NAME)";
				SWIFT_VERSION = 4.2;
				TARGETED_DEVICE_FAMILY = "1,2";
				TEST_TARGET_NAME = demo16_sandboxAndFile;
			};
			name = Debug;
		};
		807AAAA5223826F200A3F8F8 /* Release */ = {
			isa = XCBuildConfiguration;
			buildSettings = {
				ALWAYS_EMBED_SWIFT_STANDARD_LIBRARIES = YES;
				CODE_SIGN_STYLE = Automatic;
				INFOPLIST_FILE = demo16_sandboxAndFileUITests/Info.plist;
				LD_RUNPATH_SEARCH_PATHS = (
					"$(inherited)",
					"@executable_path/Frameworks",
					"@loader_path/Frameworks",
				);
				PRODUCT_BUNDLE_IDENTIFIER = "net.liuchuo.demo16-sandboxAndFileUITests";
				PRODUCT_NAME = "$(TARGET_NAME)";
				SWIFT_VERSION = 4.2;
				TARGETED_DEVICE_FAMILY = "1,2";
				TEST_TARGET_NAME = demo16_sandboxAndFile;
			};
			name = Release;
		};
/* End XCBuildConfiguration section */

/* Begin XCConfigurationList section */
		807AAA70223826F100A3F8F8 /* Build configuration list for PBXProject "demo16_sandboxAndFile" */ = {
			isa = XCConfigurationList;
			buildConfigurations = (
				807AAA9B223826F200A3F8F8 /* Debug */,
				807AAA9C223826F200A3F8F8 /* Release */,
			);
			defaultConfigurationIsVisible = 0;
			defaultConfigurationName = Release;
		};
		807AAA9D223826F200A3F8F8 /* Build configuration list for PBXNativeTarget "demo16_sandboxAndFile" */ = {
			isa = XCConfigurationList;
			buildConfigurations = (
				807AAA9E223826F200A3F8F8 /* Debug */,
				807AAA9F223826F200A3F8F8 /* Release */,
			);
			defaultConfigurationIsVisible = 0;
			defaultConfigurationName = Release;
		};
		807AAAA0223826F200A3F8F8 /* Build configuration list for PBXNativeTarget "demo16_sandboxAndFileTests" */ = {
			isa = XCConfigurationList;
			buildConfigurations = (
				807AAAA1223826F200A3F8F8 /* Debug */,
				807AAAA2223826F200A3F8F8 /* Release */,
			);
			defaultConfigurationIsVisible = 0;
			defaultConfigurationName = Release;
		};
		807AAAA3223826F200A3F8F8 /* Build configuration list for PBXNativeTarget "demo16_sandboxAndFileUITests" */ = {
			isa = XCConfigurationList;
			buildConfigurations = (
				807AAAA4223826F200A3F8F8 /* Debug */,
				807AAAA5223826F200A3F8F8 /* Release */,
			);
			defaultConfigurationIsVisible = 0;
			defaultConfigurationName = Release;
		};
/* End XCConfigurationList section */
	};
	rootObject = 807AAA6D223826F100A3F8F8 /* Project object */;
}
