// !$*UTF8*$!
{
	archiveVersion = 1;
	classes = {
	};
	objectVersion = 46;
	objects = {

/* Begin PBXBuildFile section */
		56CCC6781DE46D2A003D0608 /* AppDelegate.swift in Sources */ = {isa = PBXBuildFile; fileRef = 56CCC6771DE46D2A003D0608 /* AppDelegate.swift */; };
		56CCC67B1DE46D2A003D0608 /* demo9_masterDetail_Application.xcdatamodeld in Sources */ = {isa = PBXBuildFile; fileRef = 56CCC6791DE46D2A003D0608 /* demo9_masterDetail_Application.xcdatamodeld */; };
		56CCC67D1DE46D2A003D0608 /* MasterViewController.swift in Sources */ = {isa = PBXBuildFile; fileRef = 56CCC67C1DE46D2A003D0608 /* MasterViewController.swift */; };
		56CCC67F1DE46D2A003D0608 /* DetailViewController.swift in Sources */ = {isa = PBXBuildFile; fileRef = 56CCC67E1DE46D2A003D0608 /* DetailViewController.swift */; };
		56CCC6821DE46D2A003D0608 /* Main.storyboard in Resources */ = {isa = PBXBuildFile; fileRef = 56CCC6801DE46D2A003D0608 /* Main.storyboard */; };
		56CCC6841DE46D2A003D0608 /* Assets.xcassets in Resources */ = {isa = PBXBuildFile; fileRef = 56CCC6831DE46D2A003D0608 /* Assets.xcassets */; };
		56CCC6871DE46D2A003D0608 /* LaunchScreen.storyboard in Resources */ = {isa = PBXBuildFile; fileRef = 56CCC6851DE46D2A003D0608 /* LaunchScreen.storyboard */; };
/* End PBXBuildFile section */

/* Begin PBXFileReference section */
		56CCC6741DE46D2A003D0608 /* demo9_masterDetail_Application.app */ = {isa = PBXFileReference; explicitFileType = wrapper.application; includeInIndex = 0; path = demo9_masterDetail_Application.app; sourceTree = BUILT_PRODUCTS_DIR; };
		56CCC6771DE46D2A003D0608 /* AppDelegate.swift */ = {isa = PBXFileReference; lastKnownFileType = sourcecode.swift; path = AppDelegate.swift; sourceTree = "<group>"; };
		56CCC67A1DE46D2A003D0608 /* demo9_masterDetail_Application.xcdatamodel */ = {isa = PBXFileReference; lastKnownFileType = wrapper.xcdatamodel; path = demo9_masterDetail_Application.xcdatamodel; sourceTree = "<group>"; };
		56CCC67C1DE46D2A003D0608 /* MasterViewController.swift */ = {isa = PBXFileReference; lastKnownFileType = sourcecode.swift; path = MasterViewController.swift; sourceTree = "<group>"; };
		56CCC67E1DE46D2A003D0608 /* DetailViewController.swift */ = {isa = PBXFileReference; lastKnownFileType = sourcecode.swift; path = DetailViewController.swift; sourceTree = "<group>"; };
		56CCC6811DE46D2A003D0608 /* Base */ = {isa = PBXFileReference; lastKnownFileType = file.storyboard; name = Base; path = Base.lproj/Main.storyboard; sourceTree = "<group>"; };
		56CCC6831DE46D2A003D0608 /* Assets.xcassets */ = {isa = PBXFileReference; lastKnownFileType = folder.assetcatalog; path = Assets.xcassets; sourceTree = "<group>"; };
		56CCC6861DE46D2A003D0608 /* Base */ = {isa = PBXFileReference; lastKnownFileType = file.storyboard; name = Base; path = Base.lproj/LaunchScreen.storyboard; sourceTree = "<group>"; };
		56CCC6881DE46D2A003D0608 /* Info.plist */ = {isa = PBXFileReference; lastKnownFileType = text.plist.xml; path = Info.plist; sourceTree = "<group>"; };
/* End PBXFileReference section */

/* Begin PBXFrameworksBuildPhase section */
		56CCC6711DE46D29003D0608 /* Frameworks */ = {
			isa = PBXFrameworksBuildPhase;
			buildActionMask = 2147483647;
			files = (
			);
			runOnlyForDeploymentPostprocessing = 0;
		};
/* End PBXFrameworksBuildPhase section */

/* Begin PBXGroup section */
		56CCC66B1DE46D29003D0608 = {
			isa = PBXGroup;
			children = (
				56CCC6761DE46D2A003D0608 /* demo9_masterDetail_Application */,
				56CCC6751DE46D2A003D0608 /* Products */,
			);
			sourceTree = "<group>";
		};
		56CCC6751DE46D2A003D0608 /* Products */ = {
			isa = PBXGroup;
			children = (
				56CCC6741DE46D2A003D0608 /* demo9_masterDetail_Application.app */,
			);
			name = Products;
			sourceTree = "<group>";
		};
		56CCC6761DE46D2A003D0608 /* demo9_masterDetail_Application */ = {
			isa = PBXGroup;
			children = (
				56CCC6771DE46D2A003D0608 /* AppDelegate.swift */,
				56CCC67C1DE46D2A003D0608 /* MasterViewController.swift */,
				56CCC67E1DE46D2A003D0608 /* DetailViewController.swift */,
				56CCC6801DE46D2A003D0608 /* Main.storyboard */,
				56CCC6831DE46D2A003D0608 /* Assets.xcassets */,
				56CCC6851DE46D2A003D0608 /* LaunchScreen.storyboard */,
				56CCC6881DE46D2A003D0608 /* Info.plist */,
				56CCC6791DE46D2A003D0608 /* demo9_masterDetail_Application.xcdatamodeld */,
			);
			path = demo9_masterDetail_Application;
			sourceTree = "<group>";
		};
/* End PBXGroup section */

/* Begin PBXNativeTarget section */
		56CCC6731DE46D29003D0608 /* demo9_masterDetail_Application */ = {
			isa = PBXNativeTarget;
			buildConfigurationList = 56CCC68B1DE46D2A003D0608 /* Build configuration list for PBXNativeTarget "demo9_masterDetail_Application" */;
			buildPhases = (
				56CCC6701DE46D29003D0608 /* Sources */,
				56CCC6711DE46D29003D0608 /* Frameworks */,
				56CCC6721DE46D29003D0608 /* Resources */,
			);
			buildRules = (
			);
			dependencies = (
			);
			name = demo9_masterDetail_Application;
			productName = demo9_masterDetail_Application;
			productReference = 56CCC6741DE46D2A003D0608 /* demo9_masterDetail_Application.app */;
			productType = "com.apple.product-type.application";
		};
/* End PBXNativeTarget section */

/* Begin PBXProject section */
		56CCC66C1DE46D29003D0608 /* Project object */ = {
			isa = PBXProject;
			attributes = {
				LastSwiftUpdateCheck = 0800;
				LastUpgradeCheck = 0800;
				ORGANIZATIONNAME = ChenXin;
				TargetAttributes = {
					56CCC6731DE46D29003D0608 = {
						CreatedOnToolsVersion = 8.0;
						ProvisioningStyle = Automatic;
					};
				};
			};
			buildConfigurationList = 56CCC66F1DE46D29003D0608 /* Build configuration list for PBXProject "demo9_masterDetail_Application" */;
			compatibilityVersion = "Xcode 3.2";
			developmentRegion = English;
			hasScannedForEncodings = 0;
			knownRegions = (
				en,
				Base,
			);
			mainGroup = 56CCC66B1DE46D29003D0608;
			productRefGroup = 56CCC6751DE46D2A003D0608 /* Products */;
			projectDirPath = "";
			projectRoot = "";
			targets = (
				56CCC6731DE46D29003D0608 /* demo9_masterDetail_Application */,
			);
		};
/* End PBXProject section */

/* Begin PBXResourcesBuildPhase section */
		56CCC6721DE46D29003D0608 /* Resources */ = {
			isa = PBXResourcesBuildPhase;
			buildActionMask = 2147483647;
			files = (
				56CCC6871DE46D2A003D0608 /* LaunchScreen.storyboard in Resources */,
				56CCC6841DE46D2A003D0608 /* Assets.xcassets in Resources */,
				56CCC6821DE46D2A003D0608 /* Main.storyboard in Resources */,
			);
			runOnlyForDeploymentPostprocessing = 0;
		};
/* End PBXResourcesBuildPhase section */

/* Begin PBXSourcesBuildPhase section */
		56CCC6701DE46D29003D0608 /* Sources */ = {
			isa = PBXSourcesBuildPhase;
			buildActionMask = 2147483647;
			files = (
				56CCC67B1DE46D2A003D0608 /* demo9_masterDetail_Application.xcdatamodeld in Sources */,
				56CCC6781DE46D2A003D0608 /* AppDelegate.swift in Sources */,
				56CCC67D1DE46D2A003D0608 /* MasterViewController.swift in Sources */,
				56CCC67F1DE46D2A003D0608 /* DetailViewController.swift in Sources */,
			);
			runOnlyForDeploymentPostprocessing = 0;
		};
/* End PBXSourcesBuildPhase section */

/* Begin PBXVariantGroup section */
		56CCC6801DE46D2A003D0608 /* Main.storyboard */ = {
			isa = PBXVariantGroup;
			children = (
				56CCC6811DE46D2A003D0608 /* Base */,
			);
			name = Main.storyboard;
			sourceTree = "<group>";
		};
		56CCC6851DE46D2A003D0608 /* LaunchScreen.storyboard */ = {
			isa = PBXVariantGroup;
			children = (
				56CCC6861DE46D2A003D0608 /* Base */,
			);
			name = LaunchScreen.storyboard;
			sourceTree = "<group>";
		};
/* End PBXVariantGroup section */

/* Begin XCBuildConfiguration section */
		56CCC6891DE46D2A003D0608 /* Debug */ = {
			isa = XCBuildConfiguration;
			buildSettings = {
				ALWAYS_SEARCH_USER_PATHS = NO;
				CLANG_ANALYZER_NONNULL = YES;
				CLANG_CXX_LANGUAGE_STANDARD = "gnu++0x";
				CLANG_CXX_LIBRARY = "libc++";
				CLANG_ENABLE_MODULES = YES;
				CLANG_ENABLE_OBJC_ARC = YES;
				CLANG_WARN_BOOL_CONVERSION = YES;
				CLANG_WARN_CONSTANT_CONVERSION = YES;
				CLANG_WARN_DIRECT_OBJC_ISA_USAGE = YES_ERROR;
				CLANG_WARN_DOCUMENTATION_COMMENTS = YES;
				CLANG_WARN_EMPTY_BODY = YES;
				CLANG_WARN_ENUM_CONVERSION = YES;
				CLANG_WARN_INFINITE_RECURSION = YES;
				CLANG_WARN_INT_CONVERSION = YES;
				CLANG_WARN_OBJC_ROOT_CLASS = YES_ERROR;
				CLANG_WARN_SUSPICIOUS_MOVES = YES;
				CLANG_WARN_UNREACHABLE_CODE = YES;
				CLANG_WARN__DUPLICATE_METHOD_MATCH = YES;
				"CODE_SIGN_IDENTITY[sdk=iphoneos*]" = "iPhone Developer";
				COPY_PHASE_STRIP = NO;
				DEBUG_INFORMATION_FORMAT = dwarf;
				ENABLE_STRICT_OBJC_MSGSEND = YES;
				ENABLE_TESTABILITY = YES;
				GCC_C_LANGUAGE_STANDARD = gnu99;
				GCC_DYNAMIC_NO_PIC = NO;
				GCC_NO_COMMON_BLOCKS = YES;
				GCC_OPTIMIZATION_LEVEL = 0;
				GCC_PREPROCESSOR_DEFINITIONS = (
					"DEBUG=1",
					"$(inherited)",
				);
				GCC_WARN_64_TO_32_BIT_CONVERSION = YES;
				GCC_WARN_ABOUT_RETURN_TYPE = YES_ERROR;
				GCC_WARN_UNDECLARED_SELECTOR = YES;
				GCC_WARN_UNINITIALIZED_AUTOS = YES_AGGRESSIVE;
				GCC_WARN_UNUSED_FUNCTION = YES;
				GCC_WARN_UNUSED_VARIABLE = YES;
				IPHONEOS_DEPLOYMENT_TARGET = 10.0;
				MTL_ENABLE_DEBUG_INFO = YES;
				ONLY_ACTIVE_ARCH = YES;
				SDKROOT = iphoneos;
				SWIFT_ACTIVE_COMPILATION_CONDITIONS = DEBUG;
				SWIFT_OPTIMIZATION_LEVEL = "-Onone";
			};
			name = Debug;
		};
		56CCC68A1DE46D2A003D0608 /* Release */ = {
			isa = XCBuildConfiguration;
			buildSettings = {
				ALWAYS_SEARCH_USER_PATHS = NO;
				CLANG_ANALYZER_NONNULL = YES;
				CLANG_CXX_LANGUAGE_STANDARD = "gnu++0x";
				CLANG_CXX_LIBRARY = "libc++";
				CLANG_ENABLE_MODULES = YES;
				CLANG_ENABLE_OBJC_ARC = YES;
				CLANG_WARN_BOOL_CONVERSION = YES;
				CLANG_WARN_CONSTANT_CONVERSION = YES;
				CLANG_WARN_DIRECT_OBJC_ISA_USAGE = YES_ERROR;
				CLANG_WARN_DOCUMENTATION_COMMENTS = YES;
				CLANG_WARN_EMPTY_BODY = YES;
				CLANG_WARN_ENUM_CONVERSION = YES;
				CLANG_WARN_INFINITE_RECURSION = YES;
				CLANG_WARN_INT_CONVERSION = YES;
				CLANG_WARN_OBJC_ROOT_CLASS = YES_ERROR;
				CLANG_WARN_SUSPICIOUS_MOVES = YES;
				CLANG_WARN_UNREACHABLE_CODE = YES;
				CLANG_WARN__DUPLICATE_METHOD_MATCH = YES;
				"CODE_SIGN_IDENTITY[sdk=iphoneos*]" = "iPhone Developer";
				COPY_PHASE_STRIP = NO;
				DEBUG_INFORMATION_FORMAT = "dwarf-with-dsym";
				ENABLE_NS_ASSERTIONS = NO;
				ENABLE_STRICT_OBJC_MSGSEND = YES;
				GCC_C_LANGUAGE_STANDARD = gnu99;
				GCC_NO_COMMON_BLOCKS = YES;
				GCC_WARN_64_TO_32_BIT_CONVERSION = YES;
				GCC_WARN_ABOUT_RETURN_TYPE = YES_ERROR;
				GCC_WARN_UNDECLARED_SELECTOR = YES;
				GCC_WARN_UNINITIALIZED_AUTOS = YES_AGGRESSIVE;
				GCC_WARN_UNUSED_FUNCTION = YES;
				GCC_WARN_UNUSED_VARIABLE = YES;
				IPHONEOS_DEPLOYMENT_TARGET = 10.0;
				MTL_ENABLE_DEBUG_INFO = NO;
				SDKROOT = iphoneos;
				SWIFT_OPTIMIZATION_LEVEL = "-Owholemodule";
				VALIDATE_PRODUCT = YES;
			};
			name = Release;
		};
		56CCC68C1DE46D2A003D0608 /* Debug */ = {
			isa = XCBuildConfiguration;
			buildSettings = {
				ASSETCATALOG_COMPILER_APPICON_NAME = AppIcon;
				INFOPLIST_FILE = demo9_masterDetail_Application/Info.plist;
				LD_RUNPATH_SEARCH_PATHS = "$(inherited) @executable_path/Frameworks";
				PRODUCT_BUNDLE_IDENTIFIER = "liuchuo.net.demo9-masterDetail-Application";
				PRODUCT_NAME = "$(TARGET_NAME)";
				SWIFT_VERSION = 3.0;
			};
			name = Debug;
		};
		56CCC68D1DE46D2A003D0608 /* Release */ = {
			isa = XCBuildConfiguration;
			buildSettings = {
				ASSETCATALOG_COMPILER_APPICON_NAME = AppIcon;
				INFOPLIST_FILE = demo9_masterDetail_Application/Info.plist;
				LD_RUNPATH_SEARCH_PATHS = "$(inherited) @executable_path/Frameworks";
				PRODUCT_BUNDLE_IDENTIFIER = "liuchuo.net.demo9-masterDetail-Application";
				PRODUCT_NAME = "$(TARGET_NAME)";
				SWIFT_VERSION = 3.0;
			};
			name = Release;
		};
/* End XCBuildConfiguration section */

/* Begin XCConfigurationList section */
		56CCC66F1DE46D29003D0608 /* Build configuration list for PBXProject "demo9_masterDetail_Application" */ = {
			isa = XCConfigurationList;
			buildConfigurations = (
				56CCC6891DE46D2A003D0608 /* Debug */,
				56CCC68A1DE46D2A003D0608 /* Release */,
			);
			defaultConfigurationIsVisible = 0;
			defaultConfigurationName = Release;
		};
		56CCC68B1DE46D2A003D0608 /* Build configuration list for PBXNativeTarget "demo9_masterDetail_Application" */ = {
			isa = XCConfigurationList;
			buildConfigurations = (
				56CCC68C1DE46D2A003D0608 /* Debug */,
				56CCC68D1DE46D2A003D0608 /* Release */,
			);
			defaultConfigurationIsVisible = 0;
		};
/* End XCConfigurationList section */

/* Begin XCVersionGroup section */
		56CCC6791DE46D2A003D0608 /* demo9_masterDetail_Application.xcdatamodeld */ = {
			isa = XCVersionGroup;
			children = (
				56CCC67A1DE46D2A003D0608 /* demo9_masterDetail_Application.xcdatamodel */,
			);
			currentVersion = 56CCC67A1DE46D2A003D0608 /* demo9_masterDetail_Application.xcdatamodel */;
			path = demo9_masterDetail_Application.xcdatamodeld;
			sourceTree = "<group>";
			versionGroupType = wrapper.xcdatamodel;
		};
/* End XCVersionGroup section */
	};
	rootObject = 56CCC66C1DE46D29003D0608 /* Project object */;
}
