// !$*UTF8*$!
{
	archiveVersion = 1;
	classes = {
	};
	objectVersion = 46;
	objects = {

/* Begin PBXBuildFile section */
		56FE5A881D8D1DD200E80BE1 /* main.m in Sources */ = {isa = PBXBuildFile; fileRef = 56FE5A871D8D1DD200E80BE1 /* main.m */; };
		56FE5A8B1D8D1DD200E80BE1 /* AppDelegate.m in Sources */ = {isa = PBXBuildFile; fileRef = 56FE5A8A1D8D1DD200E80BE1 /* AppDelegate.m */; };
		56FE5A8E1D8D1DD200E80BE1 /* ViewController.m in Sources */ = {isa = PBXBuildFile; fileRef = 56FE5A8D1D8D1DD200E80BE1 /* ViewController.m */; };
		56FE5A911D8D1DD200E80BE1 /* Main.storyboard in Resources */ = {isa = PBXBuildFile; fileRef = 56FE5A8F1D8D1DD200E80BE1 /* Main.storyboard */; };
		56FE5A931D8D1DD200E80BE1 /* Assets.xcassets in Resources */ = {isa = PBXBuildFile; fileRef = 56FE5A921D8D1DD200E80BE1 /* Assets.xcassets */; };
		56FE5A961D8D1DD200E80BE1 /* LaunchScreen.storyboard in Resources */ = {isa = PBXBuildFile; fileRef = 56FE5A941D8D1DD200E80BE1 /* LaunchScreen.storyboard */; };
/* End PBXBuildFile section */

/* Begin PBXFileReference section */
		56FE5A831D8D1DD200E80BE1 /* demo2_image.app */ = {isa = PBXFileReference; explicitFileType = wrapper.application; includeInIndex = 0; path = demo2_image.app; sourceTree = BUILT_PRODUCTS_DIR; };
		56FE5A871D8D1DD200E80BE1 /* main.m */ = {isa = PBXFileReference; lastKnownFileType = sourcecode.c.objc; path = main.m; sourceTree = "<group>"; };
		56FE5A891D8D1DD200E80BE1 /* AppDelegate.h */ = {isa = PBXFileReference; lastKnownFileType = sourcecode.c.h; path = AppDelegate.h; sourceTree = "<group>"; };
		56FE5A8A1D8D1DD200E80BE1 /* AppDelegate.m */ = {isa = PBXFileReference; lastKnownFileType = sourcecode.c.objc; path = AppDelegate.m; sourceTree = "<group>"; };
		56FE5A8C1D8D1DD200E80BE1 /* ViewController.h */ = {isa = PBXFileReference; lastKnownFileType = sourcecode.c.h; path = ViewController.h; sourceTree = "<group>"; };
		56FE5A8D1D8D1DD200E80BE1 /* ViewController.m */ = {isa = PBXFileReference; lastKnownFileType = sourcecode.c.objc; path = ViewController.m; sourceTree = "<group>"; };
		56FE5A901D8D1DD200E80BE1 /* Base */ = {isa = PBXFileReference; lastKnownFileType = file.storyboard; name = Base; path = Base.lproj/Main.storyboard; sourceTree = "<group>"; };
		56FE5A921D8D1DD200E80BE1 /* Assets.xcassets */ = {isa = PBXFileReference; lastKnownFileType = folder.assetcatalog; path = Assets.xcassets; sourceTree = "<group>"; };
		56FE5A951D8D1DD200E80BE1 /* Base */ = {isa = PBXFileReference; lastKnownFileType = file.storyboard; name = Base; path = Base.lproj/LaunchScreen.storyboard; sourceTree = "<group>"; };
		56FE5A971D8D1DD200E80BE1 /* Info.plist */ = {isa = PBXFileReference; lastKnownFileType = text.plist.xml; path = Info.plist; sourceTree = "<group>"; };
/* End PBXFileReference section */

/* Begin PBXFrameworksBuildPhase section */
		56FE5A801D8D1DD200E80BE1 /* Frameworks */ = {
			isa = PBXFrameworksBuildPhase;
			buildActionMask = 2147483647;
			files = (
			);
			runOnlyForDeploymentPostprocessing = 0;
		};
/* End PBXFrameworksBuildPhase section */

/* Begin PBXGroup section */
		56FE5A7A1D8D1DD200E80BE1 = {
			isa = PBXGroup;
			children = (
				56FE5A851D8D1DD200E80BE1 /* demo2_image */,
				56FE5A841D8D1DD200E80BE1 /* Products */,
			);
			sourceTree = "<group>";
		};
		56FE5A841D8D1DD200E80BE1 /* Products */ = {
			isa = PBXGroup;
			children = (
				56FE5A831D8D1DD200E80BE1 /* demo2_image.app */,
			);
			name = Products;
			sourceTree = "<group>";
		};
		56FE5A851D8D1DD200E80BE1 /* demo2_image */ = {
			isa = PBXGroup;
			children = (
				56FE5A891D8D1DD200E80BE1 /* AppDelegate.h */,
				56FE5A8A1D8D1DD200E80BE1 /* AppDelegate.m */,
				56FE5A8C1D8D1DD200E80BE1 /* ViewController.h */,
				56FE5A8D1D8D1DD200E80BE1 /* ViewController.m */,
				56FE5A8F1D8D1DD200E80BE1 /* Main.storyboard */,
				56FE5A921D8D1DD200E80BE1 /* Assets.xcassets */,
				56FE5A941D8D1DD200E80BE1 /* LaunchScreen.storyboard */,
				56FE5A971D8D1DD200E80BE1 /* Info.plist */,
				56FE5A861D8D1DD200E80BE1 /* Supporting Files */,
			);
			path = demo2_image;
			sourceTree = "<group>";
		};
		56FE5A861D8D1DD200E80BE1 /* Supporting Files */ = {
			isa = PBXGroup;
			children = (
				56FE5A871D8D1DD200E80BE1 /* main.m */,
			);
			name = "Supporting Files";
			sourceTree = "<group>";
		};
/* End PBXGroup section */

/* Begin PBXNativeTarget section */
		56FE5A821D8D1DD200E80BE1 /* demo2_image */ = {
			isa = PBXNativeTarget;
			buildConfigurationList = 56FE5A9A1D8D1DD200E80BE1 /* Build configuration list for PBXNativeTarget "demo2_image" */;
			buildPhases = (
				56FE5A7F1D8D1DD200E80BE1 /* Sources */,
				56FE5A801D8D1DD200E80BE1 /* Frameworks */,
				56FE5A811D8D1DD200E80BE1 /* Resources */,
			);
			buildRules = (
			);
			dependencies = (
			);
			name = demo2_image;
			productName = demo2_image;
			productReference = 56FE5A831D8D1DD200E80BE1 /* demo2_image.app */;
			productType = "com.apple.product-type.application";
		};
/* End PBXNativeTarget section */

/* Begin PBXProject section */
		56FE5A7B1D8D1DD200E80BE1 /* Project object */ = {
			isa = PBXProject;
			attributes = {
				LastUpgradeCheck = 0800;
				ORGANIZATIONNAME = ChenXin;
				TargetAttributes = {
					56FE5A821D8D1DD200E80BE1 = {
						CreatedOnToolsVersion = 8.0;
						DevelopmentTeam = A84NV4F2MU;
						ProvisioningStyle = Automatic;
					};
				};
			};
			buildConfigurationList = 56FE5A7E1D8D1DD200E80BE1 /* Build configuration list for PBXProject "demo2_image" */;
			compatibilityVersion = "Xcode 3.2";
			developmentRegion = English;
			hasScannedForEncodings = 0;
			knownRegions = (
				en,
				Base,
			);
			mainGroup = 56FE5A7A1D8D1DD200E80BE1;
			productRefGroup = 56FE5A841D8D1DD200E80BE1 /* Products */;
			projectDirPath = "";
			projectRoot = "";
			targets = (
				56FE5A821D8D1DD200E80BE1 /* demo2_image */,
			);
		};
/* End PBXProject section */

/* Begin PBXResourcesBuildPhase section */
		56FE5A811D8D1DD200E80BE1 /* Resources */ = {
			isa = PBXResourcesBuildPhase;
			buildActionMask = 2147483647;
			files = (
				56FE5A961D8D1DD200E80BE1 /* LaunchScreen.storyboard in Resources */,
				56FE5A931D8D1DD200E80BE1 /* Assets.xcassets in Resources */,
				56FE5A911D8D1DD200E80BE1 /* Main.storyboard in Resources */,
			);
			runOnlyForDeploymentPostprocessing = 0;
		};
/* End PBXResourcesBuildPhase section */

/* Begin PBXSourcesBuildPhase section */
		56FE5A7F1D8D1DD200E80BE1 /* Sources */ = {
			isa = PBXSourcesBuildPhase;
			buildActionMask = 2147483647;
			files = (
				56FE5A8E1D8D1DD200E80BE1 /* ViewController.m in Sources */,
				56FE5A8B1D8D1DD200E80BE1 /* AppDelegate.m in Sources */,
				56FE5A881D8D1DD200E80BE1 /* main.m in Sources */,
			);
			runOnlyForDeploymentPostprocessing = 0;
		};
/* End PBXSourcesBuildPhase section */

/* Begin PBXVariantGroup section */
		56FE5A8F1D8D1DD200E80BE1 /* Main.storyboard */ = {
			isa = PBXVariantGroup;
			children = (
				56FE5A901D8D1DD200E80BE1 /* Base */,
			);
			name = Main.storyboard;
			sourceTree = "<group>";
		};
		56FE5A941D8D1DD200E80BE1 /* LaunchScreen.storyboard */ = {
			isa = PBXVariantGroup;
			children = (
				56FE5A951D8D1DD200E80BE1 /* Base */,
			);
			name = LaunchScreen.storyboard;
			sourceTree = "<group>";
		};
/* End PBXVariantGroup section */

/* Begin XCBuildConfiguration section */
		56FE5A981D8D1DD200E80BE1 /* Debug */ = {
			isa = XCBuildConfiguration;
			buildSettings = {
				ALWAYS_SEARCH_USER_PATHS = NO;
				CLANG_ANALYZER_NONNULL = YES;
				CLANG_CXX_LANGUAGE_STANDARD = "gnu++0x";
				CLANG_CXX_LIBRARY = "libc++";
				CLANG_ENABLE_MODULES = YES;
				CLANG_ENABLE_OBJC_ARC = YES;
				CLANG_WARN_BOOL_CONVERSION = YES;
				CLANG_WARN_CONSTANT_CONVERSION = YES;
				CLANG_WARN_DIRECT_OBJC_ISA_USAGE = YES_ERROR;
				CLANG_WARN_DOCUMENTATION_COMMENTS = YES;
				CLANG_WARN_EMPTY_BODY = YES;
				CLANG_WARN_ENUM_CONVERSION = YES;
				CLANG_WARN_INFINITE_RECURSION = YES;
				CLANG_WARN_INT_CONVERSION = YES;
				CLANG_WARN_OBJC_ROOT_CLASS = YES_ERROR;
				CLANG_WARN_SUSPICIOUS_MOVES = YES;
				CLANG_WARN_UNREACHABLE_CODE = YES;
				CLANG_WARN__DUPLICATE_METHOD_MATCH = YES;
				"CODE_SIGN_IDENTITY[sdk=iphoneos*]" = "iPhone Developer";
				COPY_PHASE_STRIP = NO;
				DEBUG_INFORMATION_FORMAT = dwarf;
				ENABLE_STRICT_OBJC_MSGSEND = YES;
				ENABLE_TESTABILITY = YES;
				GCC_C_LANGUAGE_STANDARD = gnu99;
				GCC_DYNAMIC_NO_PIC = NO;
				GCC_NO_COMMON_BLOCKS = YES;
				GCC_OPTIMIZATION_LEVEL = 0;
				GCC_PREPROCESSOR_DEFINITIONS = (
					"DEBUG=1",
					"$(inherited)",
				);
				GCC_WARN_64_TO_32_BIT_CONVERSION = YES;
				GCC_WARN_ABOUT_RETURN_TYPE = YES_ERROR;
				GCC_WARN_UNDECLARED_SELECTOR = YES;
				GCC_WARN_UNINITIALIZED_AUTOS = YES_AGGRESSIVE;
				GCC_WARN_UNUSED_FUNCTION = YES;
				GCC_WARN_UNUSED_VARIABLE = YES;
				IPHONEOS_DEPLOYMENT_TARGET = 10.0;
				MTL_ENABLE_DEBUG_INFO = YES;
				ONLY_ACTIVE_ARCH = YES;
				SDKROOT = iphoneos;
			};
			name = Debug;
		};
		56FE5A991D8D1DD200E80BE1 /* Release */ = {
			isa = XCBuildConfiguration;
			buildSettings = {
				ALWAYS_SEARCH_USER_PATHS = NO;
				CLANG_ANALYZER_NONNULL = YES;
				CLANG_CXX_LANGUAGE_STANDARD = "gnu++0x";
				CLANG_CXX_LIBRARY = "libc++";
				CLANG_ENABLE_MODULES = YES;
				CLANG_ENABLE_OBJC_ARC = YES;
				CLANG_WARN_BOOL_CONVERSION = YES;
				CLANG_WARN_CONSTANT_CONVERSION = YES;
				CLANG_WARN_DIRECT_OBJC_ISA_USAGE = YES_ERROR;
				CLANG_WARN_DOCUMENTATION_COMMENTS = YES;
				CLANG_WARN_EMPTY_BODY = YES;
				CLANG_WARN_ENUM_CONVERSION = YES;
				CLANG_WARN_INFINITE_RECURSION = YES;
				CLANG_WARN_INT_CONVERSION = YES;
				CLANG_WARN_OBJC_ROOT_CLASS = YES_ERROR;
				CLANG_WARN_SUSPICIOUS_MOVES = YES;
				CLANG_WARN_UNREACHABLE_CODE = YES;
				CLANG_WARN__DUPLICATE_METHOD_MATCH = YES;
				"CODE_SIGN_IDENTITY[sdk=iphoneos*]" = "iPhone Developer";
				COPY_PHASE_STRIP = NO;
				DEBUG_INFORMATION_FORMAT = "dwarf-with-dsym";
				ENABLE_NS_ASSERTIONS = NO;
				ENABLE_STRICT_OBJC_MSGSEND = YES;
				GCC_C_LANGUAGE_STANDARD = gnu99;
				GCC_NO_COMMON_BLOCKS = YES;
				GCC_WARN_64_TO_32_BIT_CONVERSION = YES;
				GCC_WARN_ABOUT_RETURN_TYPE = YES_ERROR;
				GCC_WARN_UNDECLARED_SELECTOR = YES;
				GCC_WARN_UNINITIALIZED_AUTOS = YES_AGGRESSIVE;
				GCC_WARN_UNUSED_FUNCTION = YES;
				GCC_WARN_UNUSED_VARIABLE = YES;
				IPHONEOS_DEPLOYMENT_TARGET = 10.0;
				MTL_ENABLE_DEBUG_INFO = NO;
				SDKROOT = iphoneos;
				VALIDATE_PRODUCT = YES;
			};
			name = Release;
		};
		56FE5A9B1D8D1DD200E80BE1 /* Debug */ = {
			isa = XCBuildConfiguration;
			buildSettings = {
				ASSETCATALOG_COMPILER_APPICON_NAME = AppIcon;
				DEVELOPMENT_TEAM = A84NV4F2MU;
				INFOPLIST_FILE = demo2_image/Info.plist;
				LD_RUNPATH_SEARCH_PATHS = "$(inherited) @executable_path/Frameworks";
				PRODUCT_BUNDLE_IDENTIFIER = "liuchuo.net.demo2-image";
				PRODUCT_NAME = "$(TARGET_NAME)";
			};
			name = Debug;
		};
		56FE5A9C1D8D1DD200E80BE1 /* Release */ = {
			isa = XCBuildConfiguration;
			buildSettings = {
				ASSETCATALOG_COMPILER_APPICON_NAME = AppIcon;
				DEVELOPMENT_TEAM = A84NV4F2MU;
				INFOPLIST_FILE = demo2_image/Info.plist;
				LD_RUNPATH_SEARCH_PATHS = "$(inherited) @executable_path/Frameworks";
				PRODUCT_BUNDLE_IDENTIFIER = "liuchuo.net.demo2-image";
				PRODUCT_NAME = "$(TARGET_NAME)";
			};
			name = Release;
		};
/* End XCBuildConfiguration section */

/* Begin XCConfigurationList section */
		56FE5A7E1D8D1DD200E80BE1 /* Build configuration list for PBXProject "demo2_image" */ = {
			isa = XCConfigurationList;
			buildConfigurations = (
				56FE5A981D8D1DD200E80BE1 /* Debug */,
				56FE5A991D8D1DD200E80BE1 /* Release */,
			);
			defaultConfigurationIsVisible = 0;
			defaultConfigurationName = Release;
		};
		56FE5A9A1D8D1DD200E80BE1 /* Build configuration list for PBXNativeTarget "demo2_image" */ = {
			isa = XCConfigurationList;
			buildConfigurations = (
				56FE5A9B1D8D1DD200E80BE1 /* Debug */,
				56FE5A9C1D8D1DD200E80BE1 /* Release */,
			);
			defaultConfigurationIsVisible = 0;
		};
/* End XCConfigurationList section */
	};
	rootObject = 56FE5A7B1D8D1DD200E80BE1 /* Project object */;
}
